// !$*UTF8*$!
{
	archiveVersion = 1;
	classes = {
	};
	objectVersion = 56;
	objects = {

/* Begin PBXBuildFile section */
		0B142DE22C36DE23001F98B0 /* QuizServices.swift in Sources */ = {isa = PBXBuildFile; fileRef = 0B142DE12C36DE23001F98B0 /* QuizServices.swift */; };
		0B142DE42C36DF04001F98B0 /* QuizSession.swift in Sources */ = {isa = PBXBuildFile; fileRef = 0B142DE32C36DF04001F98B0 /* QuizSession.swift */; };
		0B142DE62C36E7BB001F98B0 /* SessionCloser.swift in Sources */ = {isa = PBXBuildFile; fileRef = 0B142DE52C36E7BB001F98B0 /* SessionCloser.swift */; };
		0B142DE82C36FA9E001F98B0 /* IdleSession.swift in Sources */ = {isa = PBXBuildFile; fileRef = 0B142DE72C36FA9E001F98B0 /* IdleSession.swift */; };
		0B142DEC2C36FBBD001F98B0 /* ResponsePresenter.swift in Sources */ = {isa = PBXBuildFile; fileRef = 0B142DEB2C36FBBD001F98B0 /* ResponsePresenter.swift */; };
		0B142DEE2C370AEC001F98B0 /* ResponseValidationManager.swift in Sources */ = {isa = PBXBuildFile; fileRef = 0B142DED2C370AEC001F98B0 /* ResponseValidationManager.swift */; };
		0B142DF02C372408001F98B0 /* SessionAudioPlayer.swift in Sources */ = {isa = PBXBuildFile; fileRef = 0B142DEF2C372408001F98B0 /* SessionAudioPlayer.swift */; };
		0B142DF22C373BD8001F98B0 /* SessionCoordinator.swift in Sources */ = {isa = PBXBuildFile; fileRef = 0B142DF12C373BD8001F98B0 /* SessionCoordinator.swift */; };
		0B142DF52C37547E001F98B0 /* Question.swift in Sources */ = {isa = PBXBuildFile; fileRef = 0B142DF42C37547E001F98B0 /* Question.swift */; };
		0B142DFC2C37555C001F98B0 /* ReviewsManager.swift in Sources */ = {isa = PBXBuildFile; fileRef = 0B142DFB2C37555C001F98B0 /* ReviewsManager.swift */; };
		0B1A33162C248A6100740205 /* AudioPlyerTestViews.swift in Sources */ = {isa = PBXBuildFile; fileRef = 0B1A33152C248A6100740205 /* AudioPlyerTestViews.swift */; };
		0B1A5B6C2C2A6C7C00D29CA1 /* MiniPlayer.swift in Sources */ = {isa = PBXBuildFile; fileRef = 0B1A5B6B2C2A6C7C00D29CA1 /* MiniPlayer.swift */; };
		0B1A5B6E2C2A6D5300D29CA1 /* MiniPlayerControls.swift in Sources */ = {isa = PBXBuildFile; fileRef = 0B1A5B6D2C2A6D5300D29CA1 /* MiniPlayerControls.swift */; };
		0B25E0E02C24ECD000ACD552 /* String+Extensions.swift in Sources */ = {isa = PBXBuildFile; fileRef = 0B25E0DF2C24ECD000ACD552 /* String+Extensions.swift */; };
		0B31C3FC2C220F06006FB5D1 /* Errors.swift in Sources */ = {isa = PBXBuildFile; fileRef = 0B31C3FB2C220F06006FB5D1 /* Errors.swift */; };
		0B31C3FE2C2211AD006FB5D1 /* NetworkMonitor.swift in Sources */ = {isa = PBXBuildFile; fileRef = 0B31C3FD2C2211AD006FB5D1 /* NetworkMonitor.swift */; };
		0B31C4032C222B9F006FB5D1 /* AcceptButton.swift in Sources */ = {isa = PBXBuildFile; fileRef = 0B31C4022C222B9F006FB5D1 /* AcceptButton.swift */; };
		0B31C40C2C223286006FB5D1 /* AVFoundation.framework in Frameworks */ = {isa = PBXBuildFile; fileRef = 0B31C4092C223286006FB5D1 /* AVFoundation.framework */; };
		0B31C40D2C223286006FB5D1 /* AVKit.framework in Frameworks */ = {isa = PBXBuildFile; fileRef = 0B31C40A2C223286006FB5D1 /* AVKit.framework */; };
		0B31C40E2C223286006FB5D1 /* AVFAudio.framework in Frameworks */ = {isa = PBXBuildFile; fileRef = 0B31C40B2C223286006FB5D1 /* AVFAudio.framework */; };
		0B7321F52C2253B600D7DED2 /* LaunchView.swift in Sources */ = {isa = PBXBuildFile; fileRef = 0B7321F42C2253B600D7DED2 /* LaunchView.swift */; };
		0B7321F72C2253F100D7DED2 /* TermsAndConditions.swift in Sources */ = {isa = PBXBuildFile; fileRef = 0B7321F62C2253F100D7DED2 /* TermsAndConditions.swift */; };
		0B7321F92C22543D00D7DED2 /* PrivacyPolicy.swift in Sources */ = {isa = PBXBuildFile; fileRef = 0B7321F82C22543D00D7DED2 /* PrivacyPolicy.swift */; };
		0B7321FB2C22547900D7DED2 /* VoqaWebView.swift in Sources */ = {isa = PBXBuildFile; fileRef = 0B7321FA2C22547900D7DED2 /* VoqaWebView.swift */; };
		0B7321FD2C22559C00D7DED2 /* LogoFlashView.swift in Sources */ = {isa = PBXBuildFile; fileRef = 0B7321FC2C22559C00D7DED2 /* LogoFlashView.swift */; };
		0B7548772C34BB8A00756633 /* QuizContextModuleTest.swift in Sources */ = {isa = PBXBuildFile; fileRef = 0B7548762C34BB8A00756633 /* QuizContextModuleTest.swift */; };
		0B77C8552C29E58A00CA4522 /* VoiceFeedbackMessages.swift in Sources */ = {isa = PBXBuildFile; fileRef = 0B77C8542C29E58A00CA4522 /* VoiceFeedbackMessages.swift */; };
		0B77C8612C2A15EB00CA4522 /* UUID+Extension.swift in Sources */ = {isa = PBXBuildFile; fileRef = 0B77C8602C2A15EB00CA4522 /* UUID+Extension.swift */; };
		0B8AFB962C2FD4C3005B7D0F /* Array+Extension.swift in Sources */ = {isa = PBXBuildFile; fileRef = 0B8AFB952C2FD4C3005B7D0F /* Array+Extension.swift */; };
		0BC091DE2C1D4463005FB223 /* VOQAApp.swift in Sources */ = {isa = PBXBuildFile; fileRef = 0BC091DD2C1D4463005FB223 /* VOQAApp.swift */; };
		0BC091E02C1D4463005FB223 /* ContentView.swift in Sources */ = {isa = PBXBuildFile; fileRef = 0BC091DF2C1D4463005FB223 /* ContentView.swift */; };
		0BC091E42C1D4465005FB223 /* Assets.xcassets in Resources */ = {isa = PBXBuildFile; fileRef = 0BC091E32C1D4465005FB223 /* Assets.xcassets */; };
		0BC091E82C1D4465005FB223 /* Preview Assets.xcassets in Resources */ = {isa = PBXBuildFile; fileRef = 0BC091E72C1D4465005FB223 /* Preview Assets.xcassets */; };
		0BC98C6B2C375B0D001F993D /* correctAnswerBell.wav in Resources */ = {isa = PBXBuildFile; fileRef = 0BC98C6A2C375B0D001F993D /* correctAnswerBell.wav */; };
		0BC98C6D2C375B14001F993D /* errorBell.wav in Resources */ = {isa = PBXBuildFile; fileRef = 0BC98C6C2C375B14001F993D /* errorBell.wav */; };
		0BC98C6F2C375B1C001F993D /* NextQuestionWave.wav in Resources */ = {isa = PBXBuildFile; fileRef = 0BC98C6E2C375B1C001F993D /* NextQuestionWave.wav */; };
		0BC98C712C375B24001F993D /* showResponderBell.wav in Resources */ = {isa = PBXBuildFile; fileRef = 0BC98C702C375B24001F993D /* showResponderBell.wav */; };
		0BC98C732C375B2B001F993D /* dismissResponderBell.wav in Resources */ = {isa = PBXBuildFile; fileRef = 0BC98C722C375B2B001F993D /* dismissResponderBell.wav */; };
		0BC98C752C375B34001F993D /* wrongAnswerBell.wav in Resources */ = {isa = PBXBuildFile; fileRef = 0BC98C742C375B34001F993D /* wrongAnswerBell.wav */; };
		0BEA5A682C2751FE0091D612 /* BackgroundView.swift in Sources */ = {isa = PBXBuildFile; fileRef = 0BEA5A672C2751FE0091D612 /* BackgroundView.swift */; };
		0BEA5A7A2C2753470091D612 /* Colo+Extensions.swift in Sources */ = {isa = PBXBuildFile; fileRef = 0BEA5A792C2753470091D612 /* Colo+Extensions.swift */; };
		0BEA5A7C2C2753BC0091D612 /* UiImage+Extensions.swift in Sources */ = {isa = PBXBuildFile; fileRef = 0BEA5A7B2C2753BC0091D612 /* UiImage+Extensions.swift */; };
		0BEA5A7E2C2754200091D612 /* View+Extensions.swift in Sources */ = {isa = PBXBuildFile; fileRef = 0BEA5A7D2C2754200091D612 /* View+Extensions.swift */; };
		0BEA5A802C27546C0091D612 /* CGFloat+Extensions.swift in Sources */ = {isa = PBXBuildFile; fileRef = 0BEA5A7F2C27546C0091D612 /* CGFloat+Extensions.swift */; };
		0BEA5A822C27549D0091D612 /* UIScreen+Extensions.swift in Sources */ = {isa = PBXBuildFile; fileRef = 0BEA5A812C27549D0091D612 /* UIScreen+Extensions.swift */; };
		0BEA5A912C27689A0091D612 /* ErrorTextView.swift in Sources */ = {isa = PBXBuildFile; fileRef = 0BEA5A902C27689A0091D612 /* ErrorTextView.swift */; };
		0BEA5A932C2774BA0091D612 /* VuMeter.swift in Sources */ = {isa = PBXBuildFile; fileRef = 0BEA5A922C2774BA0091D612 /* VuMeter.swift */; };
		0BEA5A952C27759D0091D612 /* VoqaWaveView.swift in Sources */ = {isa = PBXBuildFile; fileRef = 0BEA5A942C27759D0091D612 /* VoqaWaveView.swift */; };
		0BEA5A9D2C2776910091D612 /* SupportLine.swift in Sources */ = {isa = PBXBuildFile; fileRef = 0BEA5A9C2C2776910091D612 /* SupportLine.swift */; };
		0BEA5A9F2C2776CE0091D612 /* WaveGeometry.swift in Sources */ = {isa = PBXBuildFile; fileRef = 0BEA5A9E2C2776CE0091D612 /* WaveGeometry.swift */; };
		0BEA5AA12C2777280091D612 /* VoqaWave.swift in Sources */ = {isa = PBXBuildFile; fileRef = 0BEA5AA02C2777280091D612 /* VoqaWave.swift */; };
		0BEA5AA52C2780F60091D612 /* CircularPlayButton.swift in Sources */ = {isa = PBXBuildFile; fileRef = 0BEA5AA42C2780F60091D612 /* CircularPlayButton.swift */; };
		0BEFE74B2C2C8F9100E931F7 /* ResponseModalPresenter.swift in Sources */ = {isa = PBXBuildFile; fileRef = 0BEFE74A2C2C8F9100E931F7 /* ResponseModalPresenter.swift */; };
		0BEFE74D2C2CB95200E931F7 /* QuestionPlayer.swift in Sources */ = {isa = PBXBuildFile; fileRef = 0BEFE74C2C2CB95200E931F7 /* QuestionPlayer.swift */; };
/* End PBXBuildFile section */

/* Begin PBXContainerItemProxy section */
		0BC091EE2C1D4466005FB223 /* PBXContainerItemProxy */ = {
			isa = PBXContainerItemProxy;
			containerPortal = 0BC091D22C1D4463005FB223 /* Project object */;
			proxyType = 1;
			remoteGlobalIDString = 0BC091D92C1D4463005FB223;
			remoteInfo = VOQA;
		};
		0BC091F82C1D4466005FB223 /* PBXContainerItemProxy */ = {
			isa = PBXContainerItemProxy;
			containerPortal = 0BC091D22C1D4463005FB223 /* Project object */;
			proxyType = 1;
			remoteGlobalIDString = 0BC091D92C1D4463005FB223;
			remoteInfo = VOQA;
		};
/* End PBXContainerItemProxy section */

/* Begin PBXFileReference section */
		0B142DE12C36DE23001F98B0 /* QuizServices.swift */ = {isa = PBXFileReference; lastKnownFileType = sourcecode.swift; path = QuizServices.swift; sourceTree = "<group>"; };
		0B142DE32C36DF04001F98B0 /* QuizSession.swift */ = {isa = PBXFileReference; lastKnownFileType = sourcecode.swift; path = QuizSession.swift; sourceTree = "<group>"; };
		0B142DE52C36E7BB001F98B0 /* SessionCloser.swift */ = {isa = PBXFileReference; lastKnownFileType = sourcecode.swift; path = SessionCloser.swift; sourceTree = "<group>"; };
		0B142DE72C36FA9E001F98B0 /* IdleSession.swift */ = {isa = PBXFileReference; lastKnownFileType = sourcecode.swift; path = IdleSession.swift; sourceTree = "<group>"; };
		0B142DEB2C36FBBD001F98B0 /* ResponsePresenter.swift */ = {isa = PBXFileReference; lastKnownFileType = sourcecode.swift; path = ResponsePresenter.swift; sourceTree = "<group>"; };
		0B142DED2C370AEC001F98B0 /* ResponseValidationManager.swift */ = {isa = PBXFileReference; lastKnownFileType = sourcecode.swift; path = ResponseValidationManager.swift; sourceTree = "<group>"; };
		0B142DEF2C372408001F98B0 /* SessionAudioPlayer.swift */ = {isa = PBXFileReference; lastKnownFileType = sourcecode.swift; path = SessionAudioPlayer.swift; sourceTree = "<group>"; };
		0B142DF12C373BD8001F98B0 /* SessionCoordinator.swift */ = {isa = PBXFileReference; lastKnownFileType = sourcecode.swift; path = SessionCoordinator.swift; sourceTree = "<group>"; };
		0B142DF42C37547E001F98B0 /* Question.swift */ = {isa = PBXFileReference; lastKnownFileType = sourcecode.swift; path = Question.swift; sourceTree = "<group>"; };
		0B142DFB2C37555C001F98B0 /* ReviewsManager.swift */ = {isa = PBXFileReference; lastKnownFileType = sourcecode.swift; path = ReviewsManager.swift; sourceTree = "<group>"; };
		0B1A33152C248A6100740205 /* AudioPlyerTestViews.swift */ = {isa = PBXFileReference; lastKnownFileType = sourcecode.swift; name = AudioPlyerTestViews.swift; path = ../AudioPlyerTestViews.swift; sourceTree = "<group>"; };
		0B1A5B6B2C2A6C7C00D29CA1 /* MiniPlayer.swift */ = {isa = PBXFileReference; lastKnownFileType = sourcecode.swift; name = MiniPlayer.swift; path = ../MiniPlayer.swift; sourceTree = "<group>"; };
		0B1A5B6D2C2A6D5300D29CA1 /* MiniPlayerControls.swift */ = {isa = PBXFileReference; lastKnownFileType = sourcecode.swift; name = MiniPlayerControls.swift; path = ../MiniPlayerControls.swift; sourceTree = "<group>"; };
		0B25E0DF2C24ECD000ACD552 /* String+Extensions.swift */ = {isa = PBXFileReference; lastKnownFileType = sourcecode.swift; path = "String+Extensions.swift"; sourceTree = "<group>"; };
		0B31C3FB2C220F06006FB5D1 /* Errors.swift */ = {isa = PBXFileReference; lastKnownFileType = sourcecode.swift; path = Errors.swift; sourceTree = "<group>"; };
		0B31C3FD2C2211AD006FB5D1 /* NetworkMonitor.swift */ = {isa = PBXFileReference; lastKnownFileType = sourcecode.swift; path = NetworkMonitor.swift; sourceTree = "<group>"; };
		0B31C4002C222A8D006FB5D1 /* Info.plist */ = {isa = PBXFileReference; lastKnownFileType = text.plist; path = Info.plist; sourceTree = "<group>"; };
		0B31C4022C222B9F006FB5D1 /* AcceptButton.swift */ = {isa = PBXFileReference; lastKnownFileType = sourcecode.swift; path = AcceptButton.swift; sourceTree = "<group>"; };
		0B31C4092C223286006FB5D1 /* AVFoundation.framework */ = {isa = PBXFileReference; lastKnownFileType = wrapper.framework; name = AVFoundation.framework; path = Platforms/iPhoneOS.platform/Developer/SDKs/iPhoneOS17.4.sdk/System/Library/Frameworks/AVFoundation.framework; sourceTree = DEVELOPER_DIR; };
		0B31C40A2C223286006FB5D1 /* AVKit.framework */ = {isa = PBXFileReference; lastKnownFileType = wrapper.framework; name = AVKit.framework; path = Platforms/iPhoneOS.platform/Developer/SDKs/iPhoneOS17.4.sdk/System/Library/Frameworks/AVKit.framework; sourceTree = DEVELOPER_DIR; };
		0B31C40B2C223286006FB5D1 /* AVFAudio.framework */ = {isa = PBXFileReference; lastKnownFileType = wrapper.framework; name = AVFAudio.framework; path = Platforms/iPhoneOS.platform/Developer/SDKs/iPhoneOS17.4.sdk/System/Library/Frameworks/AVFAudio.framework; sourceTree = DEVELOPER_DIR; };
		0B7321F42C2253B600D7DED2 /* LaunchView.swift */ = {isa = PBXFileReference; lastKnownFileType = sourcecode.swift; path = LaunchView.swift; sourceTree = "<group>"; };
		0B7321F62C2253F100D7DED2 /* TermsAndConditions.swift */ = {isa = PBXFileReference; lastKnownFileType = sourcecode.swift; path = TermsAndConditions.swift; sourceTree = "<group>"; };
		0B7321F82C22543D00D7DED2 /* PrivacyPolicy.swift */ = {isa = PBXFileReference; lastKnownFileType = sourcecode.swift; path = PrivacyPolicy.swift; sourceTree = "<group>"; };
		0B7321FA2C22547900D7DED2 /* VoqaWebView.swift */ = {isa = PBXFileReference; lastKnownFileType = sourcecode.swift; path = VoqaWebView.swift; sourceTree = "<group>"; };
		0B7321FC2C22559C00D7DED2 /* LogoFlashView.swift */ = {isa = PBXFileReference; lastKnownFileType = sourcecode.swift; path = LogoFlashView.swift; sourceTree = "<group>"; };
		0B7548762C34BB8A00756633 /* QuizContextModuleTest.swift */ = {isa = PBXFileReference; lastKnownFileType = sourcecode.swift; name = QuizContextModuleTest.swift; path = ../QuizContextModuleTest.swift; sourceTree = "<group>"; };
		0B77C8542C29E58A00CA4522 /* VoiceFeedbackMessages.swift */ = {isa = PBXFileReference; lastKnownFileType = sourcecode.swift; name = VoiceFeedbackMessages.swift; path = ../DataModels/VoiceFeedbackMessages.swift; sourceTree = "<group>"; };
		0B77C8602C2A15EB00CA4522 /* UUID+Extension.swift */ = {isa = PBXFileReference; lastKnownFileType = sourcecode.swift; path = "UUID+Extension.swift"; sourceTree = "<group>"; };
		0B8AFB952C2FD4C3005B7D0F /* Array+Extension.swift */ = {isa = PBXFileReference; lastKnownFileType = sourcecode.swift; path = "Array+Extension.swift"; sourceTree = "<group>"; };
		0BC091DA2C1D4463005FB223 /* VOQA.app */ = {isa = PBXFileReference; explicitFileType = wrapper.application; includeInIndex = 0; path = VOQA.app; sourceTree = BUILT_PRODUCTS_DIR; };
		0BC091DD2C1D4463005FB223 /* VOQAApp.swift */ = {isa = PBXFileReference; lastKnownFileType = sourcecode.swift; path = VOQAApp.swift; sourceTree = "<group>"; };
		0BC091DF2C1D4463005FB223 /* ContentView.swift */ = {isa = PBXFileReference; lastKnownFileType = sourcecode.swift; path = ContentView.swift; sourceTree = "<group>"; };
		0BC091E32C1D4465005FB223 /* Assets.xcassets */ = {isa = PBXFileReference; lastKnownFileType = folder.assetcatalog; path = Assets.xcassets; sourceTree = "<group>"; };
		0BC091E52C1D4465005FB223 /* VOQA.entitlements */ = {isa = PBXFileReference; lastKnownFileType = text.plist.entitlements; path = VOQA.entitlements; sourceTree = "<group>"; };
		0BC091E72C1D4465005FB223 /* Preview Assets.xcassets */ = {isa = PBXFileReference; lastKnownFileType = folder.assetcatalog; path = "Preview Assets.xcassets"; sourceTree = "<group>"; };
		0BC091ED2C1D4466005FB223 /* VOQATests.xctest */ = {isa = PBXFileReference; explicitFileType = wrapper.cfbundle; includeInIndex = 0; path = VOQATests.xctest; sourceTree = BUILT_PRODUCTS_DIR; };
		0BC091F72C1D4466005FB223 /* VOQAUITests.xctest */ = {isa = PBXFileReference; explicitFileType = wrapper.cfbundle; includeInIndex = 0; path = VOQAUITests.xctest; sourceTree = BUILT_PRODUCTS_DIR; };
		0BC98C6A2C375B0D001F993D /* correctAnswerBell.wav */ = {isa = PBXFileReference; lastKnownFileType = audio.wav; path = correctAnswerBell.wav; sourceTree = "<group>"; };
		0BC98C6C2C375B14001F993D /* errorBell.wav */ = {isa = PBXFileReference; lastKnownFileType = audio.wav; path = errorBell.wav; sourceTree = "<group>"; };
		0BC98C6E2C375B1C001F993D /* NextQuestionWave.wav */ = {isa = PBXFileReference; lastKnownFileType = audio.wav; path = NextQuestionWave.wav; sourceTree = "<group>"; };
		0BC98C702C375B24001F993D /* showResponderBell.wav */ = {isa = PBXFileReference; lastKnownFileType = audio.wav; path = showResponderBell.wav; sourceTree = "<group>"; };
		0BC98C722C375B2B001F993D /* dismissResponderBell.wav */ = {isa = PBXFileReference; lastKnownFileType = audio.wav; path = dismissResponderBell.wav; sourceTree = "<group>"; };
		0BC98C742C375B34001F993D /* wrongAnswerBell.wav */ = {isa = PBXFileReference; lastKnownFileType = audio.wav; path = wrongAnswerBell.wav; sourceTree = "<group>"; };
		0BEA5A672C2751FE0091D612 /* BackgroundView.swift */ = {isa = PBXFileReference; lastKnownFileType = sourcecode.swift; path = BackgroundView.swift; sourceTree = "<group>"; };
		0BEA5A792C2753470091D612 /* Colo+Extensions.swift */ = {isa = PBXFileReference; lastKnownFileType = sourcecode.swift; path = "Colo+Extensions.swift"; sourceTree = "<group>"; };
		0BEA5A7B2C2753BC0091D612 /* UiImage+Extensions.swift */ = {isa = PBXFileReference; lastKnownFileType = sourcecode.swift; path = "UiImage+Extensions.swift"; sourceTree = "<group>"; };
		0BEA5A7D2C2754200091D612 /* View+Extensions.swift */ = {isa = PBXFileReference; lastKnownFileType = sourcecode.swift; path = "View+Extensions.swift"; sourceTree = "<group>"; };
		0BEA5A7F2C27546C0091D612 /* CGFloat+Extensions.swift */ = {isa = PBXFileReference; lastKnownFileType = sourcecode.swift; path = "CGFloat+Extensions.swift"; sourceTree = "<group>"; };
		0BEA5A812C27549D0091D612 /* UIScreen+Extensions.swift */ = {isa = PBXFileReference; lastKnownFileType = sourcecode.swift; path = "UIScreen+Extensions.swift"; sourceTree = "<group>"; };
		0BEA5A902C27689A0091D612 /* ErrorTextView.swift */ = {isa = PBXFileReference; lastKnownFileType = sourcecode.swift; path = ErrorTextView.swift; sourceTree = "<group>"; };
		0BEA5A922C2774BA0091D612 /* VuMeter.swift */ = {isa = PBXFileReference; lastKnownFileType = sourcecode.swift; path = VuMeter.swift; sourceTree = "<group>"; };
		0BEA5A942C27759D0091D612 /* VoqaWaveView.swift */ = {isa = PBXFileReference; lastKnownFileType = sourcecode.swift; path = VoqaWaveView.swift; sourceTree = "<group>"; };
		0BEA5A9C2C2776910091D612 /* SupportLine.swift */ = {isa = PBXFileReference; lastKnownFileType = sourcecode.swift; path = SupportLine.swift; sourceTree = "<group>"; };
		0BEA5A9E2C2776CE0091D612 /* WaveGeometry.swift */ = {isa = PBXFileReference; lastKnownFileType = sourcecode.swift; path = WaveGeometry.swift; sourceTree = "<group>"; };
		0BEA5AA02C2777280091D612 /* VoqaWave.swift */ = {isa = PBXFileReference; lastKnownFileType = sourcecode.swift; path = VoqaWave.swift; sourceTree = "<group>"; };
		0BEA5AA42C2780F60091D612 /* CircularPlayButton.swift */ = {isa = PBXFileReference; lastKnownFileType = sourcecode.swift; path = CircularPlayButton.swift; sourceTree = "<group>"; };
		0BEFE74A2C2C8F9100E931F7 /* ResponseModalPresenter.swift */ = {isa = PBXFileReference; fileEncoding = 4; lastKnownFileType = sourcecode.swift; name = ResponseModalPresenter.swift; path = ../ResponseModalPresenter.swift; sourceTree = "<group>"; };
		0BEFE74C2C2CB95200E931F7 /* QuestionPlayer.swift */ = {isa = PBXFileReference; lastKnownFileType = sourcecode.swift; name = QuestionPlayer.swift; path = ../QuestionPlayer.swift; sourceTree = "<group>"; };
/* End PBXFileReference section */

/* Begin PBXFrameworksBuildPhase section */
		0BC091D72C1D4463005FB223 /* Frameworks */ = {
			isa = PBXFrameworksBuildPhase;
			buildActionMask = 2147483647;
			files = (
				0B31C40E2C223286006FB5D1 /* AVFAudio.framework in Frameworks */,
				0B31C40D2C223286006FB5D1 /* AVKit.framework in Frameworks */,
				0B31C40C2C223286006FB5D1 /* AVFoundation.framework in Frameworks */,
			);
			runOnlyForDeploymentPostprocessing = 0;
		};
		0BC091EA2C1D4466005FB223 /* Frameworks */ = {
			isa = PBXFrameworksBuildPhase;
			buildActionMask = 2147483647;
			files = (
			);
			runOnlyForDeploymentPostprocessing = 0;
		};
		0BC091F42C1D4466005FB223 /* Frameworks */ = {
			isa = PBXFrameworksBuildPhase;
			buildActionMask = 2147483647;
			files = (
			);
			runOnlyForDeploymentPostprocessing = 0;
		};
/* End PBXFrameworksBuildPhase section */

/* Begin PBXGroup section */
		0B142DDE2C36DB1B001F98B0 /* QuizService */ = {
			isa = PBXGroup;
			children = (
				0B142DFD2C375600001F98B0 /* ServiceTestViews */,
				0B142DFA2C3754F3001F98B0 /* Protocols */,
				0B142DF82C3754C1001F98B0 /* SessionManagement */,
				0B142DF32C37545C001F98B0 /* ConfigModels */,
			);
			path = QuizService;
			sourceTree = "<group>";
		};
		0B142DF32C37545C001F98B0 /* ConfigModels */ = {
			isa = PBXGroup;
			children = (
				0B77C8542C29E58A00CA4522 /* VoiceFeedbackMessages.swift */,
				0B142DF42C37547E001F98B0 /* Question.swift */,
			);
			name = ConfigModels;
			sourceTree = "<group>";
		};
		0B142DF82C3754C1001F98B0 /* SessionManagement */ = {
			isa = PBXGroup;
			children = (
				0B142DE32C36DF04001F98B0 /* QuizSession.swift */,
				0BEFE74C2C2CB95200E931F7 /* QuestionPlayer.swift */,
				0B142DF12C373BD8001F98B0 /* SessionCoordinator.swift */,
				0B142DEB2C36FBBD001F98B0 /* ResponsePresenter.swift */,
				0B142DED2C370AEC001F98B0 /* ResponseValidationManager.swift */,
				0B142DEF2C372408001F98B0 /* SessionAudioPlayer.swift */,
				0B142DE72C36FA9E001F98B0 /* IdleSession.swift */,
				0B142DE52C36E7BB001F98B0 /* SessionCloser.swift */,
				0B142DFB2C37555C001F98B0 /* ReviewsManager.swift */,
			);
			name = SessionManagement;
			sourceTree = "<group>";
		};
		0B142DFA2C3754F3001F98B0 /* Protocols */ = {
			isa = PBXGroup;
			children = (
				0B142DE12C36DE23001F98B0 /* QuizServices.swift */,
			);
			name = Protocols;
			sourceTree = "<group>";
		};
		0B142DFD2C375600001F98B0 /* ServiceTestViews */ = {
			isa = PBXGroup;
			children = (
				0B1A33152C248A6100740205 /* AudioPlyerTestViews.swift */,
				0B7548762C34BB8A00756633 /* QuizContextModuleTest.swift */,
			);
			name = ServiceTestViews;
			sourceTree = "<group>";
		};
		0B25E0DE2C24ECB600ACD552 /* Extensions */ = {
			isa = PBXGroup;
			children = (
				0B25E0DF2C24ECD000ACD552 /* String+Extensions.swift */,
				0BEA5A792C2753470091D612 /* Colo+Extensions.swift */,
				0BEA5A7B2C2753BC0091D612 /* UiImage+Extensions.swift */,
				0BEA5A7D2C2754200091D612 /* View+Extensions.swift */,
				0BEA5A7F2C27546C0091D612 /* CGFloat+Extensions.swift */,
				0BEA5A812C27549D0091D612 /* UIScreen+Extensions.swift */,
				0B77C8602C2A15EB00CA4522 /* UUID+Extension.swift */,
				0B8AFB952C2FD4C3005B7D0F /* Array+Extension.swift */,
			);
			name = Extensions;
			sourceTree = "<group>";
		};
		0B31C3FF2C221C35006FB5D1 /* AppConfigurations */ = {
			isa = PBXGroup;
			children = (
				0B31C3FB2C220F06006FB5D1 /* Errors.swift */,
				0B31C3FD2C2211AD006FB5D1 /* NetworkMonitor.swift */,
			);
			path = AppConfigurations;
			sourceTree = "<group>";
		};
		0B31C4012C222B72006FB5D1 /* ComponentModels */ = {
			isa = PBXGroup;
			children = (
				0B31C4022C222B9F006FB5D1 /* AcceptButton.swift */,
				0B1A5B6D2C2A6D5300D29CA1 /* MiniPlayerControls.swift */,
				0B1A5B6B2C2A6C7C00D29CA1 /* MiniPlayer.swift */,
				0BEFE74A2C2C8F9100E931F7 /* ResponseModalPresenter.swift */,
				0BEA5AA42C2780F60091D612 /* CircularPlayButton.swift */,
			);
			path = ComponentModels;
			sourceTree = "<group>";
		};
		0B31C4082C223286006FB5D1 /* Frameworks */ = {
			isa = PBXGroup;
			children = (
				0B31C40B2C223286006FB5D1 /* AVFAudio.framework */,
				0B31C4092C223286006FB5D1 /* AVFoundation.framework */,
				0B31C40A2C223286006FB5D1 /* AVKit.framework */,
			);
			name = Frameworks;
			sourceTree = "<group>";
		};
		0B7321F32C22538C00D7DED2 /* PreLaunchStartUp */ = {
			isa = PBXGroup;
			children = (
				0B7321F42C2253B600D7DED2 /* LaunchView.swift */,
				0B7321F62C2253F100D7DED2 /* TermsAndConditions.swift */,
				0B7321F82C22543D00D7DED2 /* PrivacyPolicy.swift */,
				0B7321FA2C22547900D7DED2 /* VoqaWebView.swift */,
				0B7321FC2C22559C00D7DED2 /* LogoFlashView.swift */,
			);
			name = PreLaunchStartUp;
			path = VOQA;
			sourceTree = "<group>";
		};
		0BC091D12C1D4463005FB223 = {
			isa = PBXGroup;
			children = (
				0B7321F32C22538C00D7DED2 /* PreLaunchStartUp */,
				0BC091DC2C1D4463005FB223 /* VOQA */,
				0BC091DB2C1D4463005FB223 /* Products */,
				0B31C4082C223286006FB5D1 /* Frameworks */,
			);
			sourceTree = "<group>";
		};
		0BC091DB2C1D4463005FB223 /* Products */ = {
			isa = PBXGroup;
			children = (
				0BC091DA2C1D4463005FB223 /* VOQA.app */,
				0BC091ED2C1D4466005FB223 /* VOQATests.xctest */,
				0BC091F72C1D4466005FB223 /* VOQAUITests.xctest */,
			);
			name = Products;
			sourceTree = "<group>";
		};
		0BC091DC2C1D4463005FB223 /* VOQA */ = {
			isa = PBXGroup;
			children = (
				0BC091DD2C1D4463005FB223 /* VOQAApp.swift */,
				0BC091DF2C1D4463005FB223 /* ContentView.swift */,
				0B31C3FF2C221C35006FB5D1 /* AppConfigurations */,
				0B25E0DE2C24ECB600ACD552 /* Extensions */,
				0B142DDE2C36DB1B001F98B0 /* QuizService */,
				0BEA5AAB2C279BB60091D612 /* Views */,
				0BC98C692C375AAF001F993D /* SoundEffects */,
				0BC091E32C1D4465005FB223 /* Assets.xcassets */,
				0BC091E52C1D4465005FB223 /* VOQA.entitlements */,
				0B31C4002C222A8D006FB5D1 /* Info.plist */,
				0BC091E62C1D4465005FB223 /* Preview Content */,
			);
			path = VOQA;
			sourceTree = "<group>";
		};
		0BC091E62C1D4465005FB223 /* Preview Content */ = {
			isa = PBXGroup;
			children = (
				0BC091E72C1D4465005FB223 /* Preview Assets.xcassets */,
			);
			path = "Preview Content";
			sourceTree = "<group>";
		};
		0BC98C692C375AAF001F993D /* SoundEffects */ = {
			isa = PBXGroup;
			children = (
				0BC98C6A2C375B0D001F993D /* correctAnswerBell.wav */,
				0BC98C6C2C375B14001F993D /* errorBell.wav */,
				0BC98C6E2C375B1C001F993D /* NextQuestionWave.wav */,
				0BC98C702C375B24001F993D /* showResponderBell.wav */,
				0BC98C742C375B34001F993D /* wrongAnswerBell.wav */,
				0BC98C722C375B2B001F993D /* dismissResponderBell.wav */,
			);
			path = SoundEffects;
			sourceTree = "<group>";
		};
		0BEA5A662C2751D00091D612 /* ComponentViews */ = {
			isa = PBXGroup;
			children = (
				0BEA5AA32C2777BE0091D612 /* VoqaWave */,
				0BEA5A672C2751FE0091D612 /* BackgroundView.swift */,
				0BEA5A902C27689A0091D612 /* ErrorTextView.swift */,
				0BEA5A922C2774BA0091D612 /* VuMeter.swift */,
			);
			name = ComponentViews;
			sourceTree = "<group>";
		};
		0BEA5AA32C2777BE0091D612 /* VoqaWave */ = {
			isa = PBXGroup;
			children = (
				0BEA5AA02C2777280091D612 /* VoqaWave.swift */,
				0BEA5A9C2C2776910091D612 /* SupportLine.swift */,
				0BEA5A942C27759D0091D612 /* VoqaWaveView.swift */,
				0BEA5A9E2C2776CE0091D612 /* WaveGeometry.swift */,
			);
			name = VoqaWave;
			sourceTree = "<group>";
		};
		0BEA5AAB2C279BB60091D612 /* Views */ = {
			isa = PBXGroup;
			children = (
				0B31C4012C222B72006FB5D1 /* ComponentModels */,
				0BEA5A662C2751D00091D612 /* ComponentViews */,
			);
			name = Views;
			sourceTree = "<group>";
		};
/* End PBXGroup section */

/* Begin PBXNativeTarget section */
		0BC091D92C1D4463005FB223 /* VOQA */ = {
			isa = PBXNativeTarget;
			buildConfigurationList = 0BC092012C1D4466005FB223 /* Build configuration list for PBXNativeTarget "VOQA" */;
			buildPhases = (
				0BC091D62C1D4463005FB223 /* Sources */,
				0BC091D72C1D4463005FB223 /* Frameworks */,
				0BC091D82C1D4463005FB223 /* Resources */,
			);
			buildRules = (
			);
			dependencies = (
			);
			name = VOQA;
			productName = VOQA;
			productReference = 0BC091DA2C1D4463005FB223 /* VOQA.app */;
			productType = "com.apple.product-type.application";
		};
		0BC091EC2C1D4466005FB223 /* VOQATests */ = {
			isa = PBXNativeTarget;
			buildConfigurationList = 0BC092042C1D4466005FB223 /* Build configuration list for PBXNativeTarget "VOQATests" */;
			buildPhases = (
				0BC091E92C1D4466005FB223 /* Sources */,
				0BC091EA2C1D4466005FB223 /* Frameworks */,
				0BC091EB2C1D4466005FB223 /* Resources */,
			);
			buildRules = (
			);
			dependencies = (
				0BC091EF2C1D4466005FB223 /* PBXTargetDependency */,
			);
			name = VOQATests;
			productName = VOQATests;
			productReference = 0BC091ED2C1D4466005FB223 /* VOQATests.xctest */;
			productType = "com.apple.product-type.bundle.unit-test";
		};
		0BC091F62C1D4466005FB223 /* VOQAUITests */ = {
			isa = PBXNativeTarget;
			buildConfigurationList = 0BC092072C1D4466005FB223 /* Build configuration list for PBXNativeTarget "VOQAUITests" */;
			buildPhases = (
				0BC091F32C1D4466005FB223 /* Sources */,
				0BC091F42C1D4466005FB223 /* Frameworks */,
				0BC091F52C1D4466005FB223 /* Resources */,
			);
			buildRules = (
			);
			dependencies = (
				0BC091F92C1D4466005FB223 /* PBXTargetDependency */,
			);
			name = VOQAUITests;
			productName = VOQAUITests;
			productReference = 0BC091F72C1D4466005FB223 /* VOQAUITests.xctest */;
			productType = "com.apple.product-type.bundle.ui-testing";
		};
/* End PBXNativeTarget section */

/* Begin PBXProject section */
		0BC091D22C1D4463005FB223 /* Project object */ = {
			isa = PBXProject;
			attributes = {
				BuildIndependentTargetsInParallel = 1;
				LastSwiftUpdateCheck = 1530;
				LastUpgradeCheck = 1530;
				TargetAttributes = {
					0BC091D92C1D4463005FB223 = {
						CreatedOnToolsVersion = 15.3;
					};
					0BC091EC2C1D4466005FB223 = {
						CreatedOnToolsVersion = 15.3;
						TestTargetID = 0BC091D92C1D4463005FB223;
					};
					0BC091F62C1D4466005FB223 = {
						CreatedOnToolsVersion = 15.3;
						TestTargetID = 0BC091D92C1D4463005FB223;
					};
				};
			};
			buildConfigurationList = 0BC091D52C1D4463005FB223 /* Build configuration list for PBXProject "VOQA" */;
			compatibilityVersion = "Xcode 14.0";
			developmentRegion = en;
			hasScannedForEncodings = 0;
			knownRegions = (
				en,
				Base,
			);
			mainGroup = 0BC091D12C1D4463005FB223;
			productRefGroup = 0BC091DB2C1D4463005FB223 /* Products */;
			projectDirPath = "";
			projectRoot = "";
			targets = (
				0BC091D92C1D4463005FB223 /* VOQA */,
				0BC091EC2C1D4466005FB223 /* VOQATests */,
				0BC091F62C1D4466005FB223 /* VOQAUITests */,
			);
		};
/* End PBXProject section */

/* Begin PBXResourcesBuildPhase section */
		0BC091D82C1D4463005FB223 /* Resources */ = {
			isa = PBXResourcesBuildPhase;
			buildActionMask = 2147483647;
			files = (
				0BC091E82C1D4465005FB223 /* Preview Assets.xcassets in Resources */,
				0BC98C712C375B24001F993D /* showResponderBell.wav in Resources */,
				0BC091E42C1D4465005FB223 /* Assets.xcassets in Resources */,
				0BC98C752C375B34001F993D /* wrongAnswerBell.wav in Resources */,
				0BC98C732C375B2B001F993D /* dismissResponderBell.wav in Resources */,
				0BC98C6F2C375B1C001F993D /* NextQuestionWave.wav in Resources */,
				0BC98C6D2C375B14001F993D /* errorBell.wav in Resources */,
				0BC98C6B2C375B0D001F993D /* correctAnswerBell.wav in Resources */,
			);
			runOnlyForDeploymentPostprocessing = 0;
		};
		0BC091EB2C1D4466005FB223 /* Resources */ = {
			isa = PBXResourcesBuildPhase;
			buildActionMask = 2147483647;
			files = (
			);
			runOnlyForDeploymentPostprocessing = 0;
		};
		0BC091F52C1D4466005FB223 /* Resources */ = {
			isa = PBXResourcesBuildPhase;
			buildActionMask = 2147483647;
			files = (
			);
			runOnlyForDeploymentPostprocessing = 0;
		};
/* End PBXResourcesBuildPhase section */

/* Begin PBXSourcesBuildPhase section */
		0BC091D62C1D4463005FB223 /* Sources */ = {
			isa = PBXSourcesBuildPhase;
			buildActionMask = 2147483647;
			files = (
				0B1A33162C248A6100740205 /* AudioPlyerTestViews.swift in Sources */,
				0B7321F52C2253B600D7DED2 /* LaunchView.swift in Sources */,
				0BEA5AA12C2777280091D612 /* VoqaWave.swift in Sources */,
				0B142DFC2C37555C001F98B0 /* ReviewsManager.swift in Sources */,
				0BC091E02C1D4463005FB223 /* ContentView.swift in Sources */,
				0B25E0E02C24ECD000ACD552 /* String+Extensions.swift in Sources */,
				0BEA5A912C27689A0091D612 /* ErrorTextView.swift in Sources */,
				0BEA5A952C27759D0091D612 /* VoqaWaveView.swift in Sources */,
				0B77C8612C2A15EB00CA4522 /* UUID+Extension.swift in Sources */,
				0BEA5A9D2C2776910091D612 /* SupportLine.swift in Sources */,
				0B142DF22C373BD8001F98B0 /* SessionCoordinator.swift in Sources */,
				0BEA5A822C27549D0091D612 /* UIScreen+Extensions.swift in Sources */,
				0B142DEE2C370AEC001F98B0 /* ResponseValidationManager.swift in Sources */,
				0BEA5A7C2C2753BC0091D612 /* UiImage+Extensions.swift in Sources */,
				0B7321F92C22543D00D7DED2 /* PrivacyPolicy.swift in Sources */,
				0B1A5B6E2C2A6D5300D29CA1 /* MiniPlayerControls.swift in Sources */,
				0B142DE22C36DE23001F98B0 /* QuizServices.swift in Sources */,
				0B1A5B6C2C2A6C7C00D29CA1 /* MiniPlayer.swift in Sources */,
				0BEA5A9F2C2776CE0091D612 /* WaveGeometry.swift in Sources */,
				0B142DF52C37547E001F98B0 /* Question.swift in Sources */,
				0B7321FD2C22559C00D7DED2 /* LogoFlashView.swift in Sources */,
				0BEA5A682C2751FE0091D612 /* BackgroundView.swift in Sources */,
				0BC091DE2C1D4463005FB223 /* VOQAApp.swift in Sources */,
				0B142DF02C372408001F98B0 /* SessionAudioPlayer.swift in Sources */,
				0B142DE62C36E7BB001F98B0 /* SessionCloser.swift in Sources */,
				0BEA5A802C27546C0091D612 /* CGFloat+Extensions.swift in Sources */,
				0B77C8552C29E58A00CA4522 /* VoiceFeedbackMessages.swift in Sources */,
				0BEA5A932C2774BA0091D612 /* VuMeter.swift in Sources */,
				0B142DEC2C36FBBD001F98B0 /* ResponsePresenter.swift in Sources */,
				0B142DE82C36FA9E001F98B0 /* IdleSession.swift in Sources */,
				0BEFE74D2C2CB95200E931F7 /* QuestionPlayer.swift in Sources */,
				0B8AFB962C2FD4C3005B7D0F /* Array+Extension.swift in Sources */,
				0B7321F72C2253F100D7DED2 /* TermsAndConditions.swift in Sources */,
				0BEFE74B2C2C8F9100E931F7 /* ResponseModalPresenter.swift in Sources */,
				0B142DE42C36DF04001F98B0 /* QuizSession.swift in Sources */,
				0BEA5A7E2C2754200091D612 /* View+Extensions.swift in Sources */,
				0BEA5AA52C2780F60091D612 /* CircularPlayButton.swift in Sources */,
				0B31C3FE2C2211AD006FB5D1 /* NetworkMonitor.swift in Sources */,
				0B7321FB2C22547900D7DED2 /* VoqaWebView.swift in Sources */,
				0BEA5A7A2C2753470091D612 /* Colo+Extensions.swift in Sources */,
				0B31C4032C222B9F006FB5D1 /* AcceptButton.swift in Sources */,
				0B31C3FC2C220F06006FB5D1 /* Errors.swift in Sources */,
				0B7548772C34BB8A00756633 /* QuizContextModuleTest.swift in Sources */,
			);
			runOnlyForDeploymentPostprocessing = 0;
		};
		0BC091E92C1D4466005FB223 /* Sources */ = {
			isa = PBXSourcesBuildPhase;
			buildActionMask = 2147483647;
			files = (
			);
			runOnlyForDeploymentPostprocessing = 0;
		};
		0BC091F32C1D4466005FB223 /* Sources */ = {
			isa = PBXSourcesBuildPhase;
			buildActionMask = 2147483647;
			files = (
			);
			runOnlyForDeploymentPostprocessing = 0;
		};
/* End PBXSourcesBuildPhase section */

/* Begin PBXTargetDependency section */
		0BC091EF2C1D4466005FB223 /* PBXTargetDependency */ = {
			isa = PBXTargetDependency;
			target = 0BC091D92C1D4463005FB223 /* VOQA */;
			targetProxy = 0BC091EE2C1D4466005FB223 /* PBXContainerItemProxy */;
		};
		0BC091F92C1D4466005FB223 /* PBXTargetDependency */ = {
			isa = PBXTargetDependency;
			target = 0BC091D92C1D4463005FB223 /* VOQA */;
			targetProxy = 0BC091F82C1D4466005FB223 /* PBXContainerItemProxy */;
		};
/* End PBXTargetDependency section */

/* Begin XCBuildConfiguration section */
		0BC091FF2C1D4466005FB223 /* Debug */ = {
			isa = XCBuildConfiguration;
			buildSettings = {
				ALWAYS_SEARCH_USER_PATHS = NO;
				ASSETCATALOG_COMPILER_GENERATE_SWIFT_ASSET_SYMBOL_EXTENSIONS = YES;
				CLANG_ANALYZER_NONNULL = YES;
				CLANG_ANALYZER_NUMBER_OBJECT_CONVERSION = YES_AGGRESSIVE;
				CLANG_CXX_LANGUAGE_STANDARD = "gnu++20";
				CLANG_ENABLE_MODULES = YES;
				CLANG_ENABLE_OBJC_ARC = YES;
				CLANG_ENABLE_OBJC_WEAK = YES;
				CLANG_WARN_BLOCK_CAPTURE_AUTORELEASING = YES;
				CLANG_WARN_BOOL_CONVERSION = YES;
				CLANG_WARN_COMMA = YES;
				CLANG_WARN_CONSTANT_CONVERSION = YES;
				CLANG_WARN_DEPRECATED_OBJC_IMPLEMENTATIONS = YES;
				CLANG_WARN_DIRECT_OBJC_ISA_USAGE = YES_ERROR;
				CLANG_WARN_DOCUMENTATION_COMMENTS = YES;
				CLANG_WARN_EMPTY_BODY = YES;
				CLANG_WARN_ENUM_CONVERSION = YES;
				CLANG_WARN_INFINITE_RECURSION = YES;
				CLANG_WARN_INT_CONVERSION = YES;
				CLANG_WARN_NON_LITERAL_NULL_CONVERSION = YES;
				CLANG_WARN_OBJC_IMPLICIT_RETAIN_SELF = YES;
				CLANG_WARN_OBJC_LITERAL_CONVERSION = YES;
				CLANG_WARN_OBJC_ROOT_CLASS = YES_ERROR;
				CLANG_WARN_QUOTED_INCLUDE_IN_FRAMEWORK_HEADER = YES;
				CLANG_WARN_RANGE_LOOP_ANALYSIS = YES;
				CLANG_WARN_STRICT_PROTOTYPES = YES;
				CLANG_WARN_SUSPICIOUS_MOVE = YES;
				CLANG_WARN_UNGUARDED_AVAILABILITY = YES_AGGRESSIVE;
				CLANG_WARN_UNREACHABLE_CODE = YES;
				CLANG_WARN__DUPLICATE_METHOD_MATCH = YES;
				COPY_PHASE_STRIP = NO;
				DEBUG_INFORMATION_FORMAT = dwarf;
				ENABLE_STRICT_OBJC_MSGSEND = YES;
				ENABLE_TESTABILITY = YES;
				ENABLE_USER_SCRIPT_SANDBOXING = YES;
				GCC_C_LANGUAGE_STANDARD = gnu17;
				GCC_DYNAMIC_NO_PIC = NO;
				GCC_NO_COMMON_BLOCKS = YES;
				GCC_OPTIMIZATION_LEVEL = 0;
				GCC_PREPROCESSOR_DEFINITIONS = (
					"DEBUG=1",
					"$(inherited)",
				);
				GCC_WARN_64_TO_32_BIT_CONVERSION = YES;
				GCC_WARN_ABOUT_RETURN_TYPE = YES_ERROR;
				GCC_WARN_UNDECLARED_SELECTOR = YES;
				GCC_WARN_UNINITIALIZED_AUTOS = YES_AGGRESSIVE;
				GCC_WARN_UNUSED_FUNCTION = YES;
				GCC_WARN_UNUSED_VARIABLE = YES;
				LOCALIZATION_PREFERS_STRING_CATALOGS = YES;
				MTL_ENABLE_DEBUG_INFO = INCLUDE_SOURCE;
				MTL_FAST_MATH = YES;
				ONLY_ACTIVE_ARCH = YES;
				SWIFT_ACTIVE_COMPILATION_CONDITIONS = "DEBUG $(inherited)";
				SWIFT_OPTIMIZATION_LEVEL = "-Onone";
			};
			name = Debug;
		};
		0BC092002C1D4466005FB223 /* Release */ = {
			isa = XCBuildConfiguration;
			buildSettings = {
				ALWAYS_SEARCH_USER_PATHS = NO;
				ASSETCATALOG_COMPILER_GENERATE_SWIFT_ASSET_SYMBOL_EXTENSIONS = YES;
				CLANG_ANALYZER_NONNULL = YES;
				CLANG_ANALYZER_NUMBER_OBJECT_CONVERSION = YES_AGGRESSIVE;
				CLANG_CXX_LANGUAGE_STANDARD = "gnu++20";
				CLANG_ENABLE_MODULES = YES;
				CLANG_ENABLE_OBJC_ARC = YES;
				CLANG_ENABLE_OBJC_WEAK = YES;
				CLANG_WARN_BLOCK_CAPTURE_AUTORELEASING = YES;
				CLANG_WARN_BOOL_CONVERSION = YES;
				CLANG_WARN_COMMA = YES;
				CLANG_WARN_CONSTANT_CONVERSION = YES;
				CLANG_WARN_DEPRECATED_OBJC_IMPLEMENTATIONS = YES;
				CLANG_WARN_DIRECT_OBJC_ISA_USAGE = YES_ERROR;
				CLANG_WARN_DOCUMENTATION_COMMENTS = YES;
				CLANG_WARN_EMPTY_BODY = YES;
				CLANG_WARN_ENUM_CONVERSION = YES;
				CLANG_WARN_INFINITE_RECURSION = YES;
				CLANG_WARN_INT_CONVERSION = YES;
				CLANG_WARN_NON_LITERAL_NULL_CONVERSION = YES;
				CLANG_WARN_OBJC_IMPLICIT_RETAIN_SELF = YES;
				CLANG_WARN_OBJC_LITERAL_CONVERSION = YES;
				CLANG_WARN_OBJC_ROOT_CLASS = YES_ERROR;
				CLANG_WARN_QUOTED_INCLUDE_IN_FRAMEWORK_HEADER = YES;
				CLANG_WARN_RANGE_LOOP_ANALYSIS = YES;
				CLANG_WARN_STRICT_PROTOTYPES = YES;
				CLANG_WARN_SUSPICIOUS_MOVE = YES;
				CLANG_WARN_UNGUARDED_AVAILABILITY = YES_AGGRESSIVE;
				CLANG_WARN_UNREACHABLE_CODE = YES;
				CLANG_WARN__DUPLICATE_METHOD_MATCH = YES;
				COPY_PHASE_STRIP = NO;
				DEBUG_INFORMATION_FORMAT = "dwarf-with-dsym";
				ENABLE_NS_ASSERTIONS = NO;
				ENABLE_STRICT_OBJC_MSGSEND = YES;
				ENABLE_USER_SCRIPT_SANDBOXING = YES;
				GCC_C_LANGUAGE_STANDARD = gnu17;
				GCC_NO_COMMON_BLOCKS = YES;
				GCC_WARN_64_TO_32_BIT_CONVERSION = YES;
				GCC_WARN_ABOUT_RETURN_TYPE = YES_ERROR;
				GCC_WARN_UNDECLARED_SELECTOR = YES;
				GCC_WARN_UNINITIALIZED_AUTOS = YES_AGGRESSIVE;
				GCC_WARN_UNUSED_FUNCTION = YES;
				GCC_WARN_UNUSED_VARIABLE = YES;
				LOCALIZATION_PREFERS_STRING_CATALOGS = YES;
				MTL_ENABLE_DEBUG_INFO = NO;
				MTL_FAST_MATH = YES;
				SWIFT_COMPILATION_MODE = wholemodule;
			};
			name = Release;
		};
		0BC092022C1D4466005FB223 /* Debug */ = {
			isa = XCBuildConfiguration;
			buildSettings = {
				ASSETCATALOG_COMPILER_APPICON_NAME = AppIcon;
				ASSETCATALOG_COMPILER_GLOBAL_ACCENT_COLOR_NAME = AccentColor;
				CODE_SIGN_ENTITLEMENTS = VOQA/VOQA.entitlements;
				CODE_SIGN_STYLE = Automatic;
				CURRENT_PROJECT_VERSION = 1;
				DEVELOPMENT_ASSET_PATHS = "\"VOQA/Preview Content\"";
				DEVELOPMENT_TEAM = VW5K99T4JJ;
				ENABLE_HARDENED_RUNTIME = YES;
				ENABLE_PREVIEWS = YES;
				GENERATE_INFOPLIST_FILE = YES;
				INFOPLIST_FILE = VOQA/Info.plist;
				INFOPLIST_KEY_CFBundleDisplayName = VOQA;
				INFOPLIST_KEY_LSApplicationCategoryType = "public.app-category.education";
				INFOPLIST_KEY_NSMicrophoneUsageDescription = "VOQA needs permission to access the microphone";
				INFOPLIST_KEY_NSSpeechRecognitionUsageDescription = "VOQA needs permission to use Speech Recognition";
				"INFOPLIST_KEY_UIApplicationSceneManifest_Generation[sdk=iphoneos*]" = YES;
				"INFOPLIST_KEY_UIApplicationSceneManifest_Generation[sdk=iphonesimulator*]" = YES;
				"INFOPLIST_KEY_UIApplicationSupportsIndirectInputEvents[sdk=iphoneos*]" = YES;
				"INFOPLIST_KEY_UIApplicationSupportsIndirectInputEvents[sdk=iphonesimulator*]" = YES;
				"INFOPLIST_KEY_UILaunchScreen_Generation[sdk=iphoneos*]" = YES;
				"INFOPLIST_KEY_UILaunchScreen_Generation[sdk=iphonesimulator*]" = YES;
				"INFOPLIST_KEY_UIStatusBarStyle[sdk=iphoneos*]" = UIStatusBarStyleDefault;
				"INFOPLIST_KEY_UIStatusBarStyle[sdk=iphonesimulator*]" = UIStatusBarStyleDefault;
				INFOPLIST_KEY_UISupportedInterfaceOrientations = UIInterfaceOrientationPortrait;
				IPHONEOS_DEPLOYMENT_TARGET = 17.4;
				LD_RUNPATH_SEARCH_PATHS = "@executable_path/Frameworks";
				"LD_RUNPATH_SEARCH_PATHS[sdk=macosx*]" = "@executable_path/../Frameworks";
				MACOSX_DEPLOYMENT_TARGET = 14.0;
				MARKETING_VERSION = 1.0;
				PRODUCT_BUNDLE_IDENTIFIER = Voqa.io.VOQA;
				PRODUCT_NAME = "$(TARGET_NAME)";
				SDKROOT = auto;
				SUPPORTED_PLATFORMS = "iphoneos iphonesimulator macosx";
				SWIFT_EMIT_LOC_STRINGS = YES;
				SWIFT_VERSION = 5.0;
				TARGETED_DEVICE_FAMILY = "1,2";
			};
			name = Debug;
		};
		0BC092032C1D4466005FB223 /* Release */ = {
			isa = XCBuildConfiguration;
			buildSettings = {
				ASSETCATALOG_COMPILER_APPICON_NAME = AppIcon;
				ASSETCATALOG_COMPILER_GLOBAL_ACCENT_COLOR_NAME = AccentColor;
				CODE_SIGN_ENTITLEMENTS = VOQA/VOQA.entitlements;
				CODE_SIGN_STYLE = Automatic;
				CURRENT_PROJECT_VERSION = 1;
				DEVELOPMENT_ASSET_PATHS = "\"VOQA/Preview Content\"";
				DEVELOPMENT_TEAM = VW5K99T4JJ;
				ENABLE_HARDENED_RUNTIME = YES;
				ENABLE_PREVIEWS = YES;
				GENERATE_INFOPLIST_FILE = YES;
				INFOPLIST_FILE = VOQA/Info.plist;
				INFOPLIST_KEY_CFBundleDisplayName = VOQA;
				INFOPLIST_KEY_LSApplicationCategoryType = "public.app-category.education";
				INFOPLIST_KEY_NSMicrophoneUsageDescription = "VOQA needs permission to access the microphone";
				INFOPLIST_KEY_NSSpeechRecognitionUsageDescription = "VOQA needs permission to use Speech Recognition";
				"INFOPLIST_KEY_UIApplicationSceneManifest_Generation[sdk=iphoneos*]" = YES;
				"INFOPLIST_KEY_UIApplicationSceneManifest_Generation[sdk=iphonesimulator*]" = YES;
				"INFOPLIST_KEY_UIApplicationSupportsIndirectInputEvents[sdk=iphoneos*]" = YES;
				"INFOPLIST_KEY_UIApplicationSupportsIndirectInputEvents[sdk=iphonesimulator*]" = YES;
				"INFOPLIST_KEY_UILaunchScreen_Generation[sdk=iphoneos*]" = YES;
				"INFOPLIST_KEY_UILaunchScreen_Generation[sdk=iphonesimulator*]" = YES;
				"INFOPLIST_KEY_UIStatusBarStyle[sdk=iphoneos*]" = UIStatusBarStyleDefault;
				"INFOPLIST_KEY_UIStatusBarStyle[sdk=iphonesimulator*]" = UIStatusBarStyleDefault;
				INFOPLIST_KEY_UISupportedInterfaceOrientations = UIInterfaceOrientationPortrait;
				IPHONEOS_DEPLOYMENT_TARGET = 17.4;
				LD_RUNPATH_SEARCH_PATHS = "@executable_path/Frameworks";
				"LD_RUNPATH_SEARCH_PATHS[sdk=macosx*]" = "@executable_path/../Frameworks";
				MACOSX_DEPLOYMENT_TARGET = 14.0;
				MARKETING_VERSION = 1.0;
				PRODUCT_BUNDLE_IDENTIFIER = Voqa.io.VOQA;
				PRODUCT_NAME = "$(TARGET_NAME)";
				SDKROOT = auto;
				SUPPORTED_PLATFORMS = "iphoneos iphonesimulator macosx";
				SWIFT_EMIT_LOC_STRINGS = YES;
				SWIFT_VERSION = 5.0;
				TARGETED_DEVICE_FAMILY = "1,2";
			};
			name = Release;
		};
		0BC092052C1D4466005FB223 /* Debug */ = {
			isa = XCBuildConfiguration;
			buildSettings = {
				ALWAYS_EMBED_SWIFT_STANDARD_LIBRARIES = YES;
				BUNDLE_LOADER = "$(TEST_HOST)";
				CODE_SIGN_STYLE = Automatic;
				CURRENT_PROJECT_VERSION = 1;
				DEVELOPMENT_TEAM = VW5K99T4JJ;
				GENERATE_INFOPLIST_FILE = YES;
				IPHONEOS_DEPLOYMENT_TARGET = 17.4;
				MACOSX_DEPLOYMENT_TARGET = 14.4;
				MARKETING_VERSION = 1.0;
				PRODUCT_BUNDLE_IDENTIFIER = Voqa.io.VOQATests;
				PRODUCT_NAME = "$(TARGET_NAME)";
				SDKROOT = auto;
				SUPPORTED_PLATFORMS = "iphoneos iphonesimulator macosx";
				SWIFT_EMIT_LOC_STRINGS = NO;
				SWIFT_VERSION = 5.0;
				TARGETED_DEVICE_FAMILY = "1,2";
				TEST_HOST = "$(BUILT_PRODUCTS_DIR)/VOQA.app/$(BUNDLE_EXECUTABLE_FOLDER_PATH)/VOQA";
			};
			name = Debug;
		};
		0BC092062C1D4466005FB223 /* Release */ = {
			isa = XCBuildConfiguration;
			buildSettings = {
				ALWAYS_EMBED_SWIFT_STANDARD_LIBRARIES = YES;
				BUNDLE_LOADER = "$(TEST_HOST)";
				CODE_SIGN_STYLE = Automatic;
				CURRENT_PROJECT_VERSION = 1;
				DEVELOPMENT_TEAM = VW5K99T4JJ;
				GENERATE_INFOPLIST_FILE = YES;
				IPHONEOS_DEPLOYMENT_TARGET = 17.4;
				MACOSX_DEPLOYMENT_TARGET = 14.4;
				MARKETING_VERSION = 1.0;
				PRODUCT_BUNDLE_IDENTIFIER = Voqa.io.VOQATests;
				PRODUCT_NAME = "$(TARGET_NAME)";
				SDKROOT = auto;
				SUPPORTED_PLATFORMS = "iphoneos iphonesimulator macosx";
				SWIFT_EMIT_LOC_STRINGS = NO;
				SWIFT_VERSION = 5.0;
				TARGETED_DEVICE_FAMILY = "1,2";
				TEST_HOST = "$(BUILT_PRODUCTS_DIR)/VOQA.app/$(BUNDLE_EXECUTABLE_FOLDER_PATH)/VOQA";
			};
			name = Release;
		};
		0BC092082C1D4466005FB223 /* Debug */ = {
			isa = XCBuildConfiguration;
			buildSettings = {
				ALWAYS_EMBED_SWIFT_STANDARD_LIBRARIES = YES;
				CODE_SIGN_STYLE = Automatic;
				CURRENT_PROJECT_VERSION = 1;
				DEVELOPMENT_TEAM = VW5K99T4JJ;
				GENERATE_INFOPLIST_FILE = YES;
				IPHONEOS_DEPLOYMENT_TARGET = 17.4;
				MACOSX_DEPLOYMENT_TARGET = 14.4;
				MARKETING_VERSION = 1.0;
				PRODUCT_BUNDLE_IDENTIFIER = Voqa.io.VOQAUITests;
				PRODUCT_NAME = "$(TARGET_NAME)";
				SDKROOT = auto;
				SUPPORTED_PLATFORMS = "iphoneos iphonesimulator macosx";
				SWIFT_EMIT_LOC_STRINGS = NO;
				SWIFT_VERSION = 5.0;
				TARGETED_DEVICE_FAMILY = "1,2";
				TEST_TARGET_NAME = VOQA;
			};
			name = Debug;
		};
		0BC092092C1D4466005FB223 /* Release */ = {
			isa = XCBuildConfiguration;
			buildSettings = {
				ALWAYS_EMBED_SWIFT_STANDARD_LIBRARIES = YES;
				CODE_SIGN_STYLE = Automatic;
				CURRENT_PROJECT_VERSION = 1;
				DEVELOPMENT_TEAM = VW5K99T4JJ;
				GENERATE_INFOPLIST_FILE = YES;
				IPHONEOS_DEPLOYMENT_TARGET = 17.4;
				MACOSX_DEPLOYMENT_TARGET = 14.4;
				MARKETING_VERSION = 1.0;
				PRODUCT_BUNDLE_IDENTIFIER = Voqa.io.VOQAUITests;
				PRODUCT_NAME = "$(TARGET_NAME)";
				SDKROOT = auto;
				SUPPORTED_PLATFORMS = "iphoneos iphonesimulator macosx";
				SWIFT_EMIT_LOC_STRINGS = NO;
				SWIFT_VERSION = 5.0;
				TARGETED_DEVICE_FAMILY = "1,2";
				TEST_TARGET_NAME = VOQA;
			};
			name = Release;
		};
/* End XCBuildConfiguration section */

/* Begin XCConfigurationList section */
		0BC091D52C1D4463005FB223 /* Build configuration list for PBXProject "VOQA" */ = {
			isa = XCConfigurationList;
			buildConfigurations = (
				0BC091FF2C1D4466005FB223 /* Debug */,
				0BC092002C1D4466005FB223 /* Release */,
			);
			defaultConfigurationIsVisible = 0;
			defaultConfigurationName = Release;
		};
		0BC092012C1D4466005FB223 /* Build configuration list for PBXNativeTarget "VOQA" */ = {
			isa = XCConfigurationList;
			buildConfigurations = (
				0BC092022C1D4466005FB223 /* Debug */,
				0BC092032C1D4466005FB223 /* Release */,
			);
			defaultConfigurationIsVisible = 0;
			defaultConfigurationName = Release;
		};
		0BC092042C1D4466005FB223 /* Build configuration list for PBXNativeTarget "VOQATests" */ = {
			isa = XCConfigurationList;
			buildConfigurations = (
				0BC092052C1D4466005FB223 /* Debug */,
				0BC092062C1D4466005FB223 /* Release */,
			);
			defaultConfigurationIsVisible = 0;
			defaultConfigurationName = Release;
		};
		0BC092072C1D4466005FB223 /* Build configuration list for PBXNativeTarget "VOQAUITests" */ = {
			isa = XCConfigurationList;
			buildConfigurations = (
				0BC092082C1D4466005FB223 /* Debug */,
				0BC092092C1D4466005FB223 /* Release */,
			);
			defaultConfigurationIsVisible = 0;
			defaultConfigurationName = Release;
		};
/* End XCConfigurationList section */
	};
	rootObject = 0BC091D22C1D4463005FB223 /* Project object */;
}
