// !$*UTF8*$!
{
	archiveVersion = 1;
	classes = {
	};
	objectVersion = 56;
	objects = {

/* Begin PBXBuildFile section */
		0B0622582C3A2F95002386D7 /* ButtonsGridView.swift in Sources */ = {isa = PBXBuildFile; fileRef = 0B0622572C3A2F95002386D7 /* ButtonsGridView.swift */; };
		0B142DE22C36DE23001F98B0 /* QuizServices.swift in Sources */ = {isa = PBXBuildFile; fileRef = 0B142DE12C36DE23001F98B0 /* QuizServices.swift */; };
		0B142DE42C36DF04001F98B0 /* QuizSession.swift in Sources */ = {isa = PBXBuildFile; fileRef = 0B142DE32C36DF04001F98B0 /* QuizSession.swift */; };
		0B142DE62C36E7BB001F98B0 /* SessionCloser.swift in Sources */ = {isa = PBXBuildFile; fileRef = 0B142DE52C36E7BB001F98B0 /* SessionCloser.swift */; };
		0B142DE82C36FA9E001F98B0 /* IdleSession.swift in Sources */ = {isa = PBXBuildFile; fileRef = 0B142DE72C36FA9E001F98B0 /* IdleSession.swift */; };
		0B142DF02C372408001F98B0 /* SessionAudioPlayer.swift in Sources */ = {isa = PBXBuildFile; fileRef = 0B142DEF2C372408001F98B0 /* SessionAudioPlayer.swift */; };
		0B142DF52C37547E001F98B0 /* Question.swift in Sources */ = {isa = PBXBuildFile; fileRef = 0B142DF42C37547E001F98B0 /* Question.swift */; };
		0B142DFC2C37555C001F98B0 /* ReviewsManager.swift in Sources */ = {isa = PBXBuildFile; fileRef = 0B142DFB2C37555C001F98B0 /* ReviewsManager.swift */; };
		0B1A33162C248A6100740205 /* AudioPlyerTestViews.swift in Sources */ = {isa = PBXBuildFile; fileRef = 0B1A33152C248A6100740205 /* AudioPlyerTestViews.swift */; };
		0B1A5B6C2C2A6C7C00D29CA1 /* MiniPlayer.swift in Sources */ = {isa = PBXBuildFile; fileRef = 0B1A5B6B2C2A6C7C00D29CA1 /* MiniPlayer.swift */; };
		0B1A5B6E2C2A6D5300D29CA1 /* MiniPlayerControls.swift in Sources */ = {isa = PBXBuildFile; fileRef = 0B1A5B6D2C2A6D5300D29CA1 /* MiniPlayerControls.swift */; };
		0B2408CC2C3D941900F1A2E6 /* CustomHorizontalScrollView.swift in Sources */ = {isa = PBXBuildFile; fileRef = 0B2408CB2C3D941900F1A2E6 /* CustomHorizontalScrollView.swift */; };
		0B2408CE2C3D943700F1A2E6 /* VoqaMain.swift in Sources */ = {isa = PBXBuildFile; fileRef = 0B2408CD2C3D943700F1A2E6 /* VoqaMain.swift */; };
		0B2408D22C3DACA200F1A2E6 /* AudioFileSorter.swift in Sources */ = {isa = PBXBuildFile; fileRef = 0B2408D12C3DACA200F1A2E6 /* AudioFileSorter.swift */; };
		0B2408DA2C3DBD7800F1A2E6 /* SessionInitializer.swift in Sources */ = {isa = PBXBuildFile; fileRef = 0B2408D92C3DBD7800F1A2E6 /* SessionInitializer.swift */; };
		0B2408DE2C3DC4CB00F1A2E6 /* QuizViewModel.swift in Sources */ = {isa = PBXBuildFile; fileRef = 0B2408DD2C3DC4CB00F1A2E6 /* QuizViewModel.swift */; };
		0B2408E32C3DEDC400F1A2E6 /* QuizDataModels.swift in Sources */ = {isa = PBXBuildFile; fileRef = 0B2408E22C3DEDC400F1A2E6 /* QuizDataModels.swift */; };
		0B2408E52C3DEE4500F1A2E6 /* QuizProtocols.swift in Sources */ = {isa = PBXBuildFile; fileRef = 0B2408E42C3DEE4500F1A2E6 /* QuizProtocols.swift */; };
		0B2408E72C3DF29000F1A2E6 /* VoicedFeedbackType.swift in Sources */ = {isa = PBXBuildFile; fileRef = 0B2408E62C3DF29000F1A2E6 /* VoicedFeedbackType.swift */; };
		0B24093D2C3E21EA00F1A2E6 /* Errors.swift in Sources */ = {isa = PBXBuildFile; fileRef = 0B2408E82C3E21EA00F1A2E6 /* Errors.swift */; };
		0B24093E2C3E21EA00F1A2E6 /* NetworkMonitor.swift in Sources */ = {isa = PBXBuildFile; fileRef = 0B2408E92C3E21EA00F1A2E6 /* NetworkMonitor.swift */; };
		0B24093F2C3E21EA00F1A2E6 /* AcceptButton.swift in Sources */ = {isa = PBXBuildFile; fileRef = 0B2408EB2C3E21EA00F1A2E6 /* AcceptButton.swift */; };
		0B2409402C3E21EA00F1A2E6 /* CircularPlayButton.swift in Sources */ = {isa = PBXBuildFile; fileRef = 0B2408EC2C3E21EA00F1A2E6 /* CircularPlayButton.swift */; };
		0B2409412C3E21EA00F1A2E6 /* VoiceFeedbackMessages.swift in Sources */ = {isa = PBXBuildFile; fileRef = 0B2408EE2C3E21EA00F1A2E6 /* VoiceFeedbackMessages.swift */; };
		0B2409422C3E21EA00F1A2E6 /* Preview Assets.xcassets in Resources */ = {isa = PBXBuildFile; fileRef = 0B2408F02C3E21EA00F1A2E6 /* Preview Assets.xcassets */; };
		0B2409432C3E21EA00F1A2E6 /* ButtonsGridView.swift in Sources */ = {isa = PBXBuildFile; fileRef = 0B2408F22C3E21EA00F1A2E6 /* ButtonsGridView.swift */; };
		0B2409442C3E21EA00F1A2E6 /* IdleSession.swift in Sources */ = {isa = PBXBuildFile; fileRef = 0B2408F32C3E21EA00F1A2E6 /* IdleSession.swift */; };
		0B2409452C3E21EA00F1A2E6 /* PrototypeMainView.swift in Sources */ = {isa = PBXBuildFile; fileRef = 0B2408F42C3E21EA00F1A2E6 /* PrototypeMainView.swift */; };
		0B2409462C3E21EA00F1A2E6 /* Question.swift in Sources */ = {isa = PBXBuildFile; fileRef = 0B2408F52C3E21EA00F1A2E6 /* Question.swift */; };
		0B2409472C3E21EA00F1A2E6 /* QuizProtocols.swift in Sources */ = {isa = PBXBuildFile; fileRef = 0B2408F62C3E21EA00F1A2E6 /* QuizProtocols.swift */; };
		0B2409482C3E21EA00F1A2E6 /* QuizServices.swift in Sources */ = {isa = PBXBuildFile; fileRef = 0B2408F72C3E21EA00F1A2E6 /* QuizServices.swift */; };
		0B2409492C3E21EA00F1A2E6 /* QuizSession.swift in Sources */ = {isa = PBXBuildFile; fileRef = 0B2408F82C3E21EA00F1A2E6 /* QuizSession.swift */; };
		0B24094A2C3E21EA00F1A2E6 /* ResponseValidationManager.swift in Sources */ = {isa = PBXBuildFile; fileRef = 0B2408F92C3E21EA00F1A2E6 /* ResponseValidationManager.swift */; };
		0B24094B2C3E21EA00F1A2E6 /* ReviewsManager.swift in Sources */ = {isa = PBXBuildFile; fileRef = 0B2408FA2C3E21EA00F1A2E6 /* ReviewsManager.swift */; };
		0B24094C2C3E21EA00F1A2E6 /* SessionAudioPlayer.swift in Sources */ = {isa = PBXBuildFile; fileRef = 0B2408FB2C3E21EA00F1A2E6 /* SessionAudioPlayer.swift */; };
		0B24094D2C3E21EA00F1A2E6 /* SessionCloser.swift in Sources */ = {isa = PBXBuildFile; fileRef = 0B2408FC2C3E21EA00F1A2E6 /* SessionCloser.swift */; };
		0B24094E2C3E21EA00F1A2E6 /* correctAnswerBell.wav in Resources */ = {isa = PBXBuildFile; fileRef = 0B2408FE2C3E21EA00F1A2E6 /* correctAnswerBell.wav */; };
		0B24094F2C3E21EA00F1A2E6 /* dismissResponderBell.wav in Resources */ = {isa = PBXBuildFile; fileRef = 0B2408FF2C3E21EA00F1A2E6 /* dismissResponderBell.wav */; };
		0B2409502C3E21EA00F1A2E6 /* errorBell.wav in Resources */ = {isa = PBXBuildFile; fileRef = 0B2409002C3E21EA00F1A2E6 /* errorBell.wav */; };
		0B2409512C3E21EA00F1A2E6 /* NextQuestionWave.wav in Resources */ = {isa = PBXBuildFile; fileRef = 0B2409012C3E21EA00F1A2E6 /* NextQuestionWave.wav */; };
		0B2409522C3E21EA00F1A2E6 /* showResponderBell.wav in Resources */ = {isa = PBXBuildFile; fileRef = 0B2409022C3E21EA00F1A2E6 /* showResponderBell.wav */; };
		0B2409532C3E21EA00F1A2E6 /* wrongAnswerBell.wav in Resources */ = {isa = PBXBuildFile; fileRef = 0B2409032C3E21EA00F1A2E6 /* wrongAnswerBell.wav */; };
		0B2409542C3E21EA00F1A2E6 /* Array+Extension.swift in Sources */ = {isa = PBXBuildFile; fileRef = 0B2409052C3E21EA00F1A2E6 /* Array+Extension.swift */; };
		0B2409552C3E21EA00F1A2E6 /* Assets.xcassets in Resources */ = {isa = PBXBuildFile; fileRef = 0B2409062C3E21EA00F1A2E6 /* Assets.xcassets */; };
		0B2409562C3E21EA00F1A2E6 /* AudioActions.swift in Sources */ = {isa = PBXBuildFile; fileRef = 0B2409072C3E21EA00F1A2E6 /* AudioActions.swift */; };
		0B2409572C3E21EA00F1A2E6 /* AudioFileSorter.swift in Sources */ = {isa = PBXBuildFile; fileRef = 0B2409082C3E21EA00F1A2E6 /* AudioFileSorter.swift */; };
		0B2409582C3E21EA00F1A2E6 /* AudioPlayerManager.swift in Sources */ = {isa = PBXBuildFile; fileRef = 0B2409092C3E21EA00F1A2E6 /* AudioPlayerManager.swift */; };
		0B2409592C3E21EA00F1A2E6 /* AudioPlyerTestViews.swift in Sources */ = {isa = PBXBuildFile; fileRef = 0B24090A2C3E21EA00F1A2E6 /* AudioPlyerTestViews.swift */; };
		0B24095A2C3E21EA00F1A2E6 /* AudioSessionManager.swift in Sources */ = {isa = PBXBuildFile; fileRef = 0B24090B2C3E21EA00F1A2E6 /* AudioSessionManager.swift */; };
		0B24095B2C3E21EA00F1A2E6 /* BackgroundView.swift in Sources */ = {isa = PBXBuildFile; fileRef = 0B24090C2C3E21EA00F1A2E6 /* BackgroundView.swift */; };
		0B24095C2C3E21EA00F1A2E6 /* CGFloat+Extensions.swift in Sources */ = {isa = PBXBuildFile; fileRef = 0B24090D2C3E21EA00F1A2E6 /* CGFloat+Extensions.swift */; };
		0B24095D2C3E21EA00F1A2E6 /* Colo+Extensions.swift in Sources */ = {isa = PBXBuildFile; fileRef = 0B24090E2C3E21EA00F1A2E6 /* Colo+Extensions.swift */; };
		0B24095E2C3E21EA00F1A2E6 /* ConfigurationUrls.swift in Sources */ = {isa = PBXBuildFile; fileRef = 0B24090F2C3E21EA00F1A2E6 /* ConfigurationUrls.swift */; };
		0B24095F2C3E21EA00F1A2E6 /* ContentView.swift in Sources */ = {isa = PBXBuildFile; fileRef = 0B2409102C3E21EA00F1A2E6 /* ContentView.swift */; };
		0B2409602C3E21EA00F1A2E6 /* correctAnswerBell.wav in Resources */ = {isa = PBXBuildFile; fileRef = 0B2409112C3E21EA00F1A2E6 /* correctAnswerBell.wav */; };
		0B2409612C3E21EA00F1A2E6 /* CustomHorizontalScrollView.swift in Sources */ = {isa = PBXBuildFile; fileRef = 0B2409122C3E21EA00F1A2E6 /* CustomHorizontalScrollView.swift */; };
		0B2409622C3E21EA00F1A2E6 /* dismissResponderBell.wav in Resources */ = {isa = PBXBuildFile; fileRef = 0B2409132C3E21EA00F1A2E6 /* dismissResponderBell.wav */; };
		0B2409632C3E21EA00F1A2E6 /* errorBell.wav in Resources */ = {isa = PBXBuildFile; fileRef = 0B2409142C3E21EA00F1A2E6 /* errorBell.wav */; };
		0B2409642C3E21EA00F1A2E6 /* ErrorTextView.swift in Sources */ = {isa = PBXBuildFile; fileRef = 0B2409152C3E21EA00F1A2E6 /* ErrorTextView.swift */; };
		0B2409652C3E21EA00F1A2E6 /* Info.plist in Resources */ = {isa = PBXBuildFile; fileRef = 0B2409162C3E21EA00F1A2E6 /* Info.plist */; };
		0B2409662C3E21EA00F1A2E6 /* liberation-VoFx.mp3 in Resources */ = {isa = PBXBuildFile; fileRef = 0B2409172C3E21EA00F1A2E6 /* liberation-VoFx.mp3 */; };
		0B2409672C3E21EA00F1A2E6 /* LightWork-Vosfx.mp3 in Resources */ = {isa = PBXBuildFile; fileRef = 0B2409182C3E21EA00F1A2E6 /* LightWork-Vosfx.mp3 */; };
		0B2409682C3E21EA00F1A2E6 /* MiniPlayer.swift in Sources */ = {isa = PBXBuildFile; fileRef = 0B2409192C3E21EA00F1A2E6 /* MiniPlayer.swift */; };
		0B2409692C3E21EA00F1A2E6 /* MiniPlayerControls.swift in Sources */ = {isa = PBXBuildFile; fileRef = 0B24091A2C3E21EA00F1A2E6 /* MiniPlayerControls.swift */; };
		0B24096A2C3E21EA00F1A2E6 /* NetworkService.swift in Sources */ = {isa = PBXBuildFile; fileRef = 0B24091B2C3E21EA00F1A2E6 /* NetworkService.swift */; };
		0B24096B2C3E21EA00F1A2E6 /* NextQuestionWave.wav in Resources */ = {isa = PBXBuildFile; fileRef = 0B24091C2C3E21EA00F1A2E6 /* NextQuestionWave.wav */; };
		0B24096C2C3E21EA00F1A2E6 /* QuestionPlayer.swift in Sources */ = {isa = PBXBuildFile; fileRef = 0B24091D2C3E21EA00F1A2E6 /* QuestionPlayer.swift */; };
		0B24096D2C3E21EA00F1A2E6 /* QuizConfigManager.swift in Sources */ = {isa = PBXBuildFile; fileRef = 0B24091E2C3E21EA00F1A2E6 /* QuizConfigManager.swift */; };
		0B24096E2C3E21EA00F1A2E6 /* QuizContextModuleTest.swift in Sources */ = {isa = PBXBuildFile; fileRef = 0B24091F2C3E21EA00F1A2E6 /* QuizContextModuleTest.swift */; };
		0B24096F2C3E21EA00F1A2E6 /* QuizDataModels.swift in Sources */ = {isa = PBXBuildFile; fileRef = 0B2409202C3E21EA00F1A2E6 /* QuizDataModels.swift */; };
		0B2409702C3E21EA00F1A2E6 /* QuizSessionConfig.swift in Sources */ = {isa = PBXBuildFile; fileRef = 0B2409212C3E21EA00F1A2E6 /* QuizSessionConfig.swift */; };
		0B2409712C3E21EA00F1A2E6 /* QuizSessionManager.swift in Sources */ = {isa = PBXBuildFile; fileRef = 0B2409222C3E21EA00F1A2E6 /* QuizSessionManager.swift */; };
		0B2409722C3E21EA00F1A2E6 /* QuizViewModel.swift in Sources */ = {isa = PBXBuildFile; fileRef = 0B2409232C3E21EA00F1A2E6 /* QuizViewModel.swift */; };
		0B2409732C3E21EA00F1A2E6 /* ResponseModalPresenter.swift in Sources */ = {isa = PBXBuildFile; fileRef = 0B2409242C3E21EA00F1A2E6 /* ResponseModalPresenter.swift */; };
		0B2409742C3E21EA00F1A2E6 /* SessionConfig.Json in Resources */ = {isa = PBXBuildFile; fileRef = 0B2409252C3E21EA00F1A2E6 /* SessionConfig.Json */; };
		0B2409752C3E21EA00F1A2E6 /* SessionInitializer.swift in Sources */ = {isa = PBXBuildFile; fileRef = 0B2409262C3E21EA00F1A2E6 /* SessionInitializer.swift */; };
		0B2409762C3E21EA00F1A2E6 /* showResponderBell.wav in Resources */ = {isa = PBXBuildFile; fileRef = 0B2409272C3E21EA00F1A2E6 /* showResponderBell.wav */; };
		0B2409772C3E21EA00F1A2E6 /* smallVoiceOver.mp3 in Resources */ = {isa = PBXBuildFile; fileRef = 0B2409282C3E21EA00F1A2E6 /* smallVoiceOver.mp3 */; };
		0B2409782C3E21EA00F1A2E6 /* smallVoiceOver2.mp3 in Resources */ = {isa = PBXBuildFile; fileRef = 0B2409292C3E21EA00F1A2E6 /* smallVoiceOver2.mp3 */; };
		0B2409792C3E21EA00F1A2E6 /* String+Extensions.swift in Sources */ = {isa = PBXBuildFile; fileRef = 0B24092A2C3E21EA00F1A2E6 /* String+Extensions.swift */; };
		0B24097A2C3E21EA00F1A2E6 /* SupportLine.swift in Sources */ = {isa = PBXBuildFile; fileRef = 0B24092B2C3E21EA00F1A2E6 /* SupportLine.swift */; };
		0B24097B2C3E21EA00F1A2E6 /* TestConfigurationBuilder.swift in Sources */ = {isa = PBXBuildFile; fileRef = 0B24092C2C3E21EA00F1A2E6 /* TestConfigurationBuilder.swift */; };
		0B24097C2C3E21EA00F1A2E6 /* TheDoerVoSfx.mp3 in Resources */ = {isa = PBXBuildFile; fileRef = 0B24092D2C3E21EA00F1A2E6 /* TheDoerVoSfx.mp3 */; };
		0B24097D2C3E21EA00F1A2E6 /* TheSeeker-VoFx.mp3 in Resources */ = {isa = PBXBuildFile; fileRef = 0B24092E2C3E21EA00F1A2E6 /* TheSeeker-VoFx.mp3 */; };
		0B24097E2C3E21EA00F1A2E6 /* UiImage+Extensions.swift in Sources */ = {isa = PBXBuildFile; fileRef = 0B24092F2C3E21EA00F1A2E6 /* UiImage+Extensions.swift */; };
		0B24097F2C3E21EA00F1A2E6 /* UIScreen+Extensions.swift in Sources */ = {isa = PBXBuildFile; fileRef = 0B2409302C3E21EA00F1A2E6 /* UIScreen+Extensions.swift */; };
		0B2409802C3E21EA00F1A2E6 /* UUID+Extension.swift in Sources */ = {isa = PBXBuildFile; fileRef = 0B2409312C3E21EA00F1A2E6 /* UUID+Extension.swift */; };
		0B2409812C3E21EA00F1A2E6 /* View+Extensions.swift in Sources */ = {isa = PBXBuildFile; fileRef = 0B2409322C3E21EA00F1A2E6 /* View+Extensions.swift */; };
		0B2409822C3E21EA00F1A2E6 /* VoicedFeedbackType.swift in Sources */ = {isa = PBXBuildFile; fileRef = 0B2409332C3E21EA00F1A2E6 /* VoicedFeedbackType.swift */; };
		0B2409832C3E21EA00F1A2E6 /* VOQAApp.swift in Sources */ = {isa = PBXBuildFile; fileRef = 0B2409352C3E21EA00F1A2E6 /* VOQAApp.swift */; };
		0B2409842C3E21EA00F1A2E6 /* VoqaMain.swift in Sources */ = {isa = PBXBuildFile; fileRef = 0B2409362C3E21EA00F1A2E6 /* VoqaMain.swift */; };
		0B2409852C3E21EA00F1A2E6 /* VoqaWave.swift in Sources */ = {isa = PBXBuildFile; fileRef = 0B2409372C3E21EA00F1A2E6 /* VoqaWave.swift */; };
		0B2409862C3E21EA00F1A2E6 /* VoqaWaveView.swift in Sources */ = {isa = PBXBuildFile; fileRef = 0B2409382C3E21EA00F1A2E6 /* VoqaWaveView.swift */; };
		0B2409872C3E21EA00F1A2E6 /* VuMeter.swift in Sources */ = {isa = PBXBuildFile; fileRef = 0B2409392C3E21EA00F1A2E6 /* VuMeter.swift */; };
		0B2409882C3E21EA00F1A2E6 /* WaveGeometry.swift in Sources */ = {isa = PBXBuildFile; fileRef = 0B24093A2C3E21EA00F1A2E6 /* WaveGeometry.swift */; };
		0B2409892C3E21EA00F1A2E6 /* wrongAnswerBell.wav in Resources */ = {isa = PBXBuildFile; fileRef = 0B24093B2C3E21EA00F1A2E6 /* wrongAnswerBell.wav */; };
		0B25E0E02C24ECD000ACD552 /* String+Extensions.swift in Sources */ = {isa = PBXBuildFile; fileRef = 0B25E0DF2C24ECD000ACD552 /* String+Extensions.swift */; };
		0B31C3FC2C220F06006FB5D1 /* Errors.swift in Sources */ = {isa = PBXBuildFile; fileRef = 0B31C3FB2C220F06006FB5D1 /* Errors.swift */; };
		0B31C3FE2C2211AD006FB5D1 /* NetworkMonitor.swift in Sources */ = {isa = PBXBuildFile; fileRef = 0B31C3FD2C2211AD006FB5D1 /* NetworkMonitor.swift */; };
		0B31C4032C222B9F006FB5D1 /* AcceptButton.swift in Sources */ = {isa = PBXBuildFile; fileRef = 0B31C4022C222B9F006FB5D1 /* AcceptButton.swift */; };
		0B31C40C2C223286006FB5D1 /* AVFoundation.framework in Frameworks */ = {isa = PBXBuildFile; fileRef = 0B31C4092C223286006FB5D1 /* AVFoundation.framework */; };
		0B31C40D2C223286006FB5D1 /* AVKit.framework in Frameworks */ = {isa = PBXBuildFile; fileRef = 0B31C40A2C223286006FB5D1 /* AVKit.framework */; };
		0B31C40E2C223286006FB5D1 /* AVFAudio.framework in Frameworks */ = {isa = PBXBuildFile; fileRef = 0B31C40B2C223286006FB5D1 /* AVFAudio.framework */; };
		0B4B46EC2C3C2C1700EEE2A2 /* QuizSessionConfig.swift in Sources */ = {isa = PBXBuildFile; fileRef = 0B4B46EB2C3C2C1700EEE2A2 /* QuizSessionConfig.swift */; };
		0B4B46EE2C3C3ABC00EEE2A2 /* SessionConfig.Json in Resources */ = {isa = PBXBuildFile; fileRef = 0B4B46ED2C3C3ABC00EEE2A2 /* SessionConfig.Json */; };
		0B4B46F02C3C427600EEE2A2 /* ConfigurationUrls.swift in Sources */ = {isa = PBXBuildFile; fileRef = 0B4B46EF2C3C427600EEE2A2 /* ConfigurationUrls.swift */; };
		0B4B46F22C3C727800EEE2A2 /* NetworkService.swift in Sources */ = {isa = PBXBuildFile; fileRef = 0B4B46F12C3C727800EEE2A2 /* NetworkService.swift */; };
		0B4B46F42C3C72BA00EEE2A2 /* QuizConfigManager.swift in Sources */ = {isa = PBXBuildFile; fileRef = 0B4B46F32C3C72BA00EEE2A2 /* QuizConfigManager.swift */; };
		0B4B46F62C3C8FF300EEE2A2 /* TestConfigurationBuilder.swift in Sources */ = {isa = PBXBuildFile; fileRef = 0B4B46F52C3C8FF300EEE2A2 /* TestConfigurationBuilder.swift */; };
		0B7548772C34BB8A00756633 /* QuizContextModuleTest.swift in Sources */ = {isa = PBXBuildFile; fileRef = 0B7548762C34BB8A00756633 /* QuizContextModuleTest.swift */; };
		0B77C8552C29E58A00CA4522 /* VoiceFeedbackMessages.swift in Sources */ = {isa = PBXBuildFile; fileRef = 0B77C8542C29E58A00CA4522 /* VoiceFeedbackMessages.swift */; };
		0B77C8612C2A15EB00CA4522 /* UUID+Extension.swift in Sources */ = {isa = PBXBuildFile; fileRef = 0B77C8602C2A15EB00CA4522 /* UUID+Extension.swift */; };
		0B845E222C3A060600EC1CEE /* AudioPlayerManager.swift in Sources */ = {isa = PBXBuildFile; fileRef = 0B845E212C3A060600EC1CEE /* AudioPlayerManager.swift */; };
		0B845E262C3A067F00EC1CEE /* AudioSessionManager.swift in Sources */ = {isa = PBXBuildFile; fileRef = 0B845E252C3A067F00EC1CEE /* AudioSessionManager.swift */; };
		0B845E282C3A06AC00EC1CEE /* AudioActions.swift in Sources */ = {isa = PBXBuildFile; fileRef = 0B845E272C3A06AC00EC1CEE /* AudioActions.swift */; };
		0B845E312C3A215F00EC1CEE /* QuizSessionManager.swift in Sources */ = {isa = PBXBuildFile; fileRef = 0B845E302C3A215F00EC1CEE /* QuizSessionManager.swift */; };
		0B845E332C3A230500EC1CEE /* PrototypeMainView.swift in Sources */ = {isa = PBXBuildFile; fileRef = 0B845E322C3A230500EC1CEE /* PrototypeMainView.swift */; };
		0B8AFB962C2FD4C3005B7D0F /* Array+Extension.swift in Sources */ = {isa = PBXBuildFile; fileRef = 0B8AFB952C2FD4C3005B7D0F /* Array+Extension.swift */; };
		0BB19C372C37976300DAAD0E /* smallVoiceOver2.mp3 in Resources */ = {isa = PBXBuildFile; fileRef = 0BB19C362C37976300DAAD0E /* smallVoiceOver2.mp3 */; };
		0BB19C392C37977F00DAAD0E /* smallVoiceOver.mp3 in Resources */ = {isa = PBXBuildFile; fileRef = 0BB19C382C37977F00DAAD0E /* smallVoiceOver.mp3 */; };
		0BB19C3B2C37979400DAAD0E /* LightWork-Vosfx.mp3 in Resources */ = {isa = PBXBuildFile; fileRef = 0BB19C3A2C37979400DAAD0E /* LightWork-Vosfx.mp3 */; };
		0BB19C3D2C3797E900DAAD0E /* liberation-VoFx.mp3 in Resources */ = {isa = PBXBuildFile; fileRef = 0BB19C3C2C3797E900DAAD0E /* liberation-VoFx.mp3 */; };
		0BB19C3F2C37982200DAAD0E /* TheSeeker-VoFx.mp3 in Resources */ = {isa = PBXBuildFile; fileRef = 0BB19C3E2C37982200DAAD0E /* TheSeeker-VoFx.mp3 */; };
		0BC091DE2C1D4463005FB223 /* VOQAApp.swift in Sources */ = {isa = PBXBuildFile; fileRef = 0BC091DD2C1D4463005FB223 /* VOQAApp.swift */; };
		0BC091E02C1D4463005FB223 /* ContentView.swift in Sources */ = {isa = PBXBuildFile; fileRef = 0BC091DF2C1D4463005FB223 /* ContentView.swift */; };
		0BC091E42C1D4465005FB223 /* Assets.xcassets in Resources */ = {isa = PBXBuildFile; fileRef = 0BC091E32C1D4465005FB223 /* Assets.xcassets */; };
		0BC091E82C1D4465005FB223 /* Preview Assets.xcassets in Resources */ = {isa = PBXBuildFile; fileRef = 0BC091E72C1D4465005FB223 /* Preview Assets.xcassets */; };
		0BEA5A682C2751FE0091D612 /* BackgroundView.swift in Sources */ = {isa = PBXBuildFile; fileRef = 0BEA5A672C2751FE0091D612 /* BackgroundView.swift */; };
		0BEA5A7A2C2753470091D612 /* Colo+Extensions.swift in Sources */ = {isa = PBXBuildFile; fileRef = 0BEA5A792C2753470091D612 /* Colo+Extensions.swift */; };
		0BEA5A7C2C2753BC0091D612 /* UiImage+Extensions.swift in Sources */ = {isa = PBXBuildFile; fileRef = 0BEA5A7B2C2753BC0091D612 /* UiImage+Extensions.swift */; };
		0BEA5A7E2C2754200091D612 /* View+Extensions.swift in Sources */ = {isa = PBXBuildFile; fileRef = 0BEA5A7D2C2754200091D612 /* View+Extensions.swift */; };
		0BEA5A802C27546C0091D612 /* CGFloat+Extensions.swift in Sources */ = {isa = PBXBuildFile; fileRef = 0BEA5A7F2C27546C0091D612 /* CGFloat+Extensions.swift */; };
		0BEA5A822C27549D0091D612 /* UIScreen+Extensions.swift in Sources */ = {isa = PBXBuildFile; fileRef = 0BEA5A812C27549D0091D612 /* UIScreen+Extensions.swift */; };
		0BEA5A912C27689A0091D612 /* ErrorTextView.swift in Sources */ = {isa = PBXBuildFile; fileRef = 0BEA5A902C27689A0091D612 /* ErrorTextView.swift */; };
		0BEA5A932C2774BA0091D612 /* VuMeter.swift in Sources */ = {isa = PBXBuildFile; fileRef = 0BEA5A922C2774BA0091D612 /* VuMeter.swift */; };
		0BEA5A952C27759D0091D612 /* VoqaWaveView.swift in Sources */ = {isa = PBXBuildFile; fileRef = 0BEA5A942C27759D0091D612 /* VoqaWaveView.swift */; };
		0BEA5A9D2C2776910091D612 /* SupportLine.swift in Sources */ = {isa = PBXBuildFile; fileRef = 0BEA5A9C2C2776910091D612 /* SupportLine.swift */; };
		0BEA5A9F2C2776CE0091D612 /* WaveGeometry.swift in Sources */ = {isa = PBXBuildFile; fileRef = 0BEA5A9E2C2776CE0091D612 /* WaveGeometry.swift */; };
		0BEA5AA12C2777280091D612 /* VoqaWave.swift in Sources */ = {isa = PBXBuildFile; fileRef = 0BEA5AA02C2777280091D612 /* VoqaWave.swift */; };
		0BEA5AA52C2780F60091D612 /* CircularPlayButton.swift in Sources */ = {isa = PBXBuildFile; fileRef = 0BEA5AA42C2780F60091D612 /* CircularPlayButton.swift */; };
		0BEFE74B2C2C8F9100E931F7 /* ResponseModalPresenter.swift in Sources */ = {isa = PBXBuildFile; fileRef = 0BEFE74A2C2C8F9100E931F7 /* ResponseModalPresenter.swift */; };
		0BEFE74D2C2CB95200E931F7 /* QuestionPlayer.swift in Sources */ = {isa = PBXBuildFile; fileRef = 0BEFE74C2C2CB95200E931F7 /* QuestionPlayer.swift */; };
/* End PBXBuildFile section */

/* Begin PBXContainerItemProxy section */
		0BC091EE2C1D4466005FB223 /* PBXContainerItemProxy */ = {
			isa = PBXContainerItemProxy;
			containerPortal = 0BC091D22C1D4463005FB223 /* Project object */;
			proxyType = 1;
			remoteGlobalIDString = 0BC091D92C1D4463005FB223;
			remoteInfo = VOQA;
		};
		0BC091F82C1D4466005FB223 /* PBXContainerItemProxy */ = {
			isa = PBXContainerItemProxy;
			containerPortal = 0BC091D22C1D4463005FB223 /* Project object */;
			proxyType = 1;
			remoteGlobalIDString = 0BC091D92C1D4463005FB223;
			remoteInfo = VOQA;
		};
/* End PBXContainerItemProxy section */

/* Begin PBXFileReference section */
		0B0622572C3A2F95002386D7 /* ButtonsGridView.swift */ = {isa = PBXFileReference; lastKnownFileType = sourcecode.swift; path = ButtonsGridView.swift; sourceTree = "<group>"; };
		0B142DE12C36DE23001F98B0 /* QuizServices.swift */ = {isa = PBXFileReference; lastKnownFileType = sourcecode.swift; path = QuizServices.swift; sourceTree = "<group>"; };
		0B142DE32C36DF04001F98B0 /* QuizSession.swift */ = {isa = PBXFileReference; lastKnownFileType = sourcecode.swift; name = QuizSession.swift; path = QuizService/QuizSession.swift; sourceTree = "<group>"; };
		0B142DE52C36E7BB001F98B0 /* SessionCloser.swift */ = {isa = PBXFileReference; lastKnownFileType = sourcecode.swift; path = SessionCloser.swift; sourceTree = "<group>"; };
		0B142DE72C36FA9E001F98B0 /* IdleSession.swift */ = {isa = PBXFileReference; lastKnownFileType = sourcecode.swift; path = IdleSession.swift; sourceTree = "<group>"; };
		0B142DEF2C372408001F98B0 /* SessionAudioPlayer.swift */ = {isa = PBXFileReference; lastKnownFileType = sourcecode.swift; name = SessionAudioPlayer.swift; path = QuizService/SessionAudioPlayer.swift; sourceTree = "<group>"; };
		0B142DF42C37547E001F98B0 /* Question.swift */ = {isa = PBXFileReference; lastKnownFileType = sourcecode.swift; path = Question.swift; sourceTree = "<group>"; };
		0B142DFB2C37555C001F98B0 /* ReviewsManager.swift */ = {isa = PBXFileReference; lastKnownFileType = sourcecode.swift; path = ReviewsManager.swift; sourceTree = "<group>"; };
		0B1A33152C248A6100740205 /* AudioPlyerTestViews.swift */ = {isa = PBXFileReference; lastKnownFileType = sourcecode.swift; name = AudioPlyerTestViews.swift; path = ../AudioPlyerTestViews.swift; sourceTree = "<group>"; };
		0B1A5B6B2C2A6C7C00D29CA1 /* MiniPlayer.swift */ = {isa = PBXFileReference; lastKnownFileType = sourcecode.swift; name = MiniPlayer.swift; path = ../MiniPlayer.swift; sourceTree = "<group>"; };
		0B1A5B6D2C2A6D5300D29CA1 /* MiniPlayerControls.swift */ = {isa = PBXFileReference; lastKnownFileType = sourcecode.swift; name = MiniPlayerControls.swift; path = ../MiniPlayerControls.swift; sourceTree = "<group>"; };
		0B2408CB2C3D941900F1A2E6 /* CustomHorizontalScrollView.swift */ = {isa = PBXFileReference; fileEncoding = 4; lastKnownFileType = sourcecode.swift; path = CustomHorizontalScrollView.swift; sourceTree = "<group>"; };
		0B2408CD2C3D943700F1A2E6 /* VoqaMain.swift */ = {isa = PBXFileReference; fileEncoding = 4; lastKnownFileType = sourcecode.swift; path = VoqaMain.swift; sourceTree = "<group>"; };
		0B2408D12C3DACA200F1A2E6 /* AudioFileSorter.swift */ = {isa = PBXFileReference; lastKnownFileType = sourcecode.swift; path = AudioFileSorter.swift; sourceTree = "<group>"; };
		0B2408D92C3DBD7800F1A2E6 /* SessionInitializer.swift */ = {isa = PBXFileReference; lastKnownFileType = sourcecode.swift; path = SessionInitializer.swift; sourceTree = "<group>"; };
		0B2408DD2C3DC4CB00F1A2E6 /* QuizViewModel.swift */ = {isa = PBXFileReference; lastKnownFileType = sourcecode.swift; path = QuizViewModel.swift; sourceTree = "<group>"; };
		0B2408E22C3DEDC400F1A2E6 /* QuizDataModels.swift */ = {isa = PBXFileReference; lastKnownFileType = sourcecode.swift; path = QuizDataModels.swift; sourceTree = "<group>"; };
		0B2408E42C3DEE4500F1A2E6 /* QuizProtocols.swift */ = {isa = PBXFileReference; lastKnownFileType = sourcecode.swift; path = QuizProtocols.swift; sourceTree = "<group>"; };
		0B2408E62C3DF29000F1A2E6 /* VoicedFeedbackType.swift */ = {isa = PBXFileReference; lastKnownFileType = sourcecode.swift; path = VoicedFeedbackType.swift; sourceTree = "<group>"; };
		0B2408E82C3E21EA00F1A2E6 /* Errors.swift */ = {isa = PBXFileReference; fileEncoding = 4; lastKnownFileType = sourcecode.swift; path = Errors.swift; sourceTree = "<group>"; };
		0B2408E92C3E21EA00F1A2E6 /* NetworkMonitor.swift */ = {isa = PBXFileReference; fileEncoding = 4; lastKnownFileType = sourcecode.swift; path = NetworkMonitor.swift; sourceTree = "<group>"; };
		0B2408EB2C3E21EA00F1A2E6 /* AcceptButton.swift */ = {isa = PBXFileReference; fileEncoding = 4; lastKnownFileType = sourcecode.swift; path = AcceptButton.swift; sourceTree = "<group>"; };
		0B2408EC2C3E21EA00F1A2E6 /* CircularPlayButton.swift */ = {isa = PBXFileReference; fileEncoding = 4; lastKnownFileType = sourcecode.swift; path = CircularPlayButton.swift; sourceTree = "<group>"; };
		0B2408EE2C3E21EA00F1A2E6 /* VoiceFeedbackMessages.swift */ = {isa = PBXFileReference; fileEncoding = 4; lastKnownFileType = sourcecode.swift; path = VoiceFeedbackMessages.swift; sourceTree = "<group>"; };
		0B2408F02C3E21EA00F1A2E6 /* Preview Assets.xcassets */ = {isa = PBXFileReference; lastKnownFileType = folder.assetcatalog; path = "Preview Assets.xcassets"; sourceTree = "<group>"; };
		0B2408F22C3E21EA00F1A2E6 /* ButtonsGridView.swift */ = {isa = PBXFileReference; fileEncoding = 4; lastKnownFileType = sourcecode.swift; path = ButtonsGridView.swift; sourceTree = "<group>"; };
		0B2408F32C3E21EA00F1A2E6 /* IdleSession.swift */ = {isa = PBXFileReference; fileEncoding = 4; lastKnownFileType = sourcecode.swift; path = IdleSession.swift; sourceTree = "<group>"; };
		0B2408F42C3E21EA00F1A2E6 /* PrototypeMainView.swift */ = {isa = PBXFileReference; fileEncoding = 4; lastKnownFileType = sourcecode.swift; path = PrototypeMainView.swift; sourceTree = "<group>"; };
		0B2408F52C3E21EA00F1A2E6 /* Question.swift */ = {isa = PBXFileReference; fileEncoding = 4; lastKnownFileType = sourcecode.swift; path = Question.swift; sourceTree = "<group>"; };
		0B2408F62C3E21EA00F1A2E6 /* QuizProtocols.swift */ = {isa = PBXFileReference; fileEncoding = 4; lastKnownFileType = sourcecode.swift; path = QuizProtocols.swift; sourceTree = "<group>"; };
		0B2408F72C3E21EA00F1A2E6 /* QuizServices.swift */ = {isa = PBXFileReference; fileEncoding = 4; lastKnownFileType = sourcecode.swift; path = QuizServices.swift; sourceTree = "<group>"; };
		0B2408F82C3E21EA00F1A2E6 /* QuizSession.swift */ = {isa = PBXFileReference; fileEncoding = 4; lastKnownFileType = sourcecode.swift; path = QuizSession.swift; sourceTree = "<group>"; };
		0B2408F92C3E21EA00F1A2E6 /* ResponseValidationManager.swift */ = {isa = PBXFileReference; fileEncoding = 4; lastKnownFileType = sourcecode.swift; path = ResponseValidationManager.swift; sourceTree = "<group>"; };
		0B2408FA2C3E21EA00F1A2E6 /* ReviewsManager.swift */ = {isa = PBXFileReference; fileEncoding = 4; lastKnownFileType = sourcecode.swift; path = ReviewsManager.swift; sourceTree = "<group>"; };
		0B2408FB2C3E21EA00F1A2E6 /* SessionAudioPlayer.swift */ = {isa = PBXFileReference; fileEncoding = 4; lastKnownFileType = sourcecode.swift; path = SessionAudioPlayer.swift; sourceTree = "<group>"; };
		0B2408FC2C3E21EA00F1A2E6 /* SessionCloser.swift */ = {isa = PBXFileReference; fileEncoding = 4; lastKnownFileType = sourcecode.swift; path = SessionCloser.swift; sourceTree = "<group>"; };
		0B2408FE2C3E21EA00F1A2E6 /* correctAnswerBell.wav */ = {isa = PBXFileReference; lastKnownFileType = audio.wav; path = correctAnswerBell.wav; sourceTree = "<group>"; };
		0B2408FF2C3E21EA00F1A2E6 /* dismissResponderBell.wav */ = {isa = PBXFileReference; lastKnownFileType = audio.wav; path = dismissResponderBell.wav; sourceTree = "<group>"; };
		0B2409002C3E21EA00F1A2E6 /* errorBell.wav */ = {isa = PBXFileReference; lastKnownFileType = audio.wav; path = errorBell.wav; sourceTree = "<group>"; };
		0B2409012C3E21EA00F1A2E6 /* NextQuestionWave.wav */ = {isa = PBXFileReference; lastKnownFileType = audio.wav; path = NextQuestionWave.wav; sourceTree = "<group>"; };
		0B2409022C3E21EA00F1A2E6 /* showResponderBell.wav */ = {isa = PBXFileReference; lastKnownFileType = audio.wav; path = showResponderBell.wav; sourceTree = "<group>"; };
		0B2409032C3E21EA00F1A2E6 /* wrongAnswerBell.wav */ = {isa = PBXFileReference; lastKnownFileType = audio.wav; path = wrongAnswerBell.wav; sourceTree = "<group>"; };
		0B2409052C3E21EA00F1A2E6 /* Array+Extension.swift */ = {isa = PBXFileReference; fileEncoding = 4; lastKnownFileType = sourcecode.swift; path = "Array+Extension.swift"; sourceTree = "<group>"; };
		0B2409062C3E21EA00F1A2E6 /* Assets.xcassets */ = {isa = PBXFileReference; lastKnownFileType = folder.assetcatalog; path = Assets.xcassets; sourceTree = "<group>"; };
		0B2409072C3E21EA00F1A2E6 /* AudioActions.swift */ = {isa = PBXFileReference; fileEncoding = 4; lastKnownFileType = sourcecode.swift; path = AudioActions.swift; sourceTree = "<group>"; };
		0B2409082C3E21EA00F1A2E6 /* AudioFileSorter.swift */ = {isa = PBXFileReference; fileEncoding = 4; lastKnownFileType = sourcecode.swift; path = AudioFileSorter.swift; sourceTree = "<group>"; };
		0B2409092C3E21EA00F1A2E6 /* AudioPlayerManager.swift */ = {isa = PBXFileReference; fileEncoding = 4; lastKnownFileType = sourcecode.swift; path = AudioPlayerManager.swift; sourceTree = "<group>"; };
		0B24090A2C3E21EA00F1A2E6 /* AudioPlyerTestViews.swift */ = {isa = PBXFileReference; fileEncoding = 4; lastKnownFileType = sourcecode.swift; path = AudioPlyerTestViews.swift; sourceTree = "<group>"; };
		0B24090B2C3E21EA00F1A2E6 /* AudioSessionManager.swift */ = {isa = PBXFileReference; fileEncoding = 4; lastKnownFileType = sourcecode.swift; path = AudioSessionManager.swift; sourceTree = "<group>"; };
		0B24090C2C3E21EA00F1A2E6 /* BackgroundView.swift */ = {isa = PBXFileReference; fileEncoding = 4; lastKnownFileType = sourcecode.swift; path = BackgroundView.swift; sourceTree = "<group>"; };
		0B24090D2C3E21EA00F1A2E6 /* CGFloat+Extensions.swift */ = {isa = PBXFileReference; fileEncoding = 4; lastKnownFileType = sourcecode.swift; path = "CGFloat+Extensions.swift"; sourceTree = "<group>"; };
		0B24090E2C3E21EA00F1A2E6 /* Colo+Extensions.swift */ = {isa = PBXFileReference; fileEncoding = 4; lastKnownFileType = sourcecode.swift; path = "Colo+Extensions.swift"; sourceTree = "<group>"; };
		0B24090F2C3E21EA00F1A2E6 /* ConfigurationUrls.swift */ = {isa = PBXFileReference; fileEncoding = 4; lastKnownFileType = sourcecode.swift; path = ConfigurationUrls.swift; sourceTree = "<group>"; };
		0B2409102C3E21EA00F1A2E6 /* ContentView.swift */ = {isa = PBXFileReference; fileEncoding = 4; lastKnownFileType = sourcecode.swift; path = ContentView.swift; sourceTree = "<group>"; };
		0B2409112C3E21EA00F1A2E6 /* correctAnswerBell.wav */ = {isa = PBXFileReference; lastKnownFileType = audio.wav; path = correctAnswerBell.wav; sourceTree = "<group>"; };
		0B2409122C3E21EA00F1A2E6 /* CustomHorizontalScrollView.swift */ = {isa = PBXFileReference; fileEncoding = 4; lastKnownFileType = sourcecode.swift; path = CustomHorizontalScrollView.swift; sourceTree = "<group>"; };
		0B2409132C3E21EA00F1A2E6 /* dismissResponderBell.wav */ = {isa = PBXFileReference; lastKnownFileType = audio.wav; path = dismissResponderBell.wav; sourceTree = "<group>"; };
		0B2409142C3E21EA00F1A2E6 /* errorBell.wav */ = {isa = PBXFileReference; lastKnownFileType = audio.wav; path = errorBell.wav; sourceTree = "<group>"; };
		0B2409152C3E21EA00F1A2E6 /* ErrorTextView.swift */ = {isa = PBXFileReference; fileEncoding = 4; lastKnownFileType = sourcecode.swift; path = ErrorTextView.swift; sourceTree = "<group>"; };
		0B2409162C3E21EA00F1A2E6 /* Info.plist */ = {isa = PBXFileReference; fileEncoding = 4; lastKnownFileType = text.plist.xml; path = Info.plist; sourceTree = "<group>"; };
		0B2409172C3E21EA00F1A2E6 /* liberation-VoFx.mp3 */ = {isa = PBXFileReference; lastKnownFileType = audio.mp3; path = "liberation-VoFx.mp3"; sourceTree = "<group>"; };
		0B2409182C3E21EA00F1A2E6 /* LightWork-Vosfx.mp3 */ = {isa = PBXFileReference; lastKnownFileType = audio.mp3; path = "LightWork-Vosfx.mp3"; sourceTree = "<group>"; };
		0B2409192C3E21EA00F1A2E6 /* MiniPlayer.swift */ = {isa = PBXFileReference; fileEncoding = 4; lastKnownFileType = sourcecode.swift; path = MiniPlayer.swift; sourceTree = "<group>"; };
		0B24091A2C3E21EA00F1A2E6 /* MiniPlayerControls.swift */ = {isa = PBXFileReference; fileEncoding = 4; lastKnownFileType = sourcecode.swift; path = MiniPlayerControls.swift; sourceTree = "<group>"; };
		0B24091B2C3E21EA00F1A2E6 /* NetworkService.swift */ = {isa = PBXFileReference; fileEncoding = 4; lastKnownFileType = sourcecode.swift; path = NetworkService.swift; sourceTree = "<group>"; };
		0B24091C2C3E21EA00F1A2E6 /* NextQuestionWave.wav */ = {isa = PBXFileReference; lastKnownFileType = audio.wav; path = NextQuestionWave.wav; sourceTree = "<group>"; };
		0B24091D2C3E21EA00F1A2E6 /* QuestionPlayer.swift */ = {isa = PBXFileReference; fileEncoding = 4; lastKnownFileType = sourcecode.swift; path = QuestionPlayer.swift; sourceTree = "<group>"; };
		0B24091E2C3E21EA00F1A2E6 /* QuizConfigManager.swift */ = {isa = PBXFileReference; fileEncoding = 4; lastKnownFileType = sourcecode.swift; path = QuizConfigManager.swift; sourceTree = "<group>"; };
		0B24091F2C3E21EA00F1A2E6 /* QuizContextModuleTest.swift */ = {isa = PBXFileReference; fileEncoding = 4; lastKnownFileType = sourcecode.swift; path = QuizContextModuleTest.swift; sourceTree = "<group>"; };
		0B2409202C3E21EA00F1A2E6 /* QuizDataModels.swift */ = {isa = PBXFileReference; fileEncoding = 4; lastKnownFileType = sourcecode.swift; path = QuizDataModels.swift; sourceTree = "<group>"; };
		0B2409212C3E21EA00F1A2E6 /* QuizSessionConfig.swift */ = {isa = PBXFileReference; fileEncoding = 4; lastKnownFileType = sourcecode.swift; path = QuizSessionConfig.swift; sourceTree = "<group>"; };
		0B2409222C3E21EA00F1A2E6 /* QuizSessionManager.swift */ = {isa = PBXFileReference; fileEncoding = 4; lastKnownFileType = sourcecode.swift; path = QuizSessionManager.swift; sourceTree = "<group>"; };
		0B2409232C3E21EA00F1A2E6 /* QuizViewModel.swift */ = {isa = PBXFileReference; fileEncoding = 4; lastKnownFileType = sourcecode.swift; path = QuizViewModel.swift; sourceTree = "<group>"; };
		0B2409242C3E21EA00F1A2E6 /* ResponseModalPresenter.swift */ = {isa = PBXFileReference; fileEncoding = 4; lastKnownFileType = sourcecode.swift; path = ResponseModalPresenter.swift; sourceTree = "<group>"; };
		0B2409252C3E21EA00F1A2E6 /* SessionConfig.Json */ = {isa = PBXFileReference; fileEncoding = 4; lastKnownFileType = text.json; path = SessionConfig.Json; sourceTree = "<group>"; };
		0B2409262C3E21EA00F1A2E6 /* SessionInitializer.swift */ = {isa = PBXFileReference; fileEncoding = 4; lastKnownFileType = sourcecode.swift; path = SessionInitializer.swift; sourceTree = "<group>"; };
		0B2409272C3E21EA00F1A2E6 /* showResponderBell.wav */ = {isa = PBXFileReference; lastKnownFileType = audio.wav; path = showResponderBell.wav; sourceTree = "<group>"; };
		0B2409282C3E21EA00F1A2E6 /* smallVoiceOver.mp3 */ = {isa = PBXFileReference; lastKnownFileType = audio.mp3; path = smallVoiceOver.mp3; sourceTree = "<group>"; };
		0B2409292C3E21EA00F1A2E6 /* smallVoiceOver2.mp3 */ = {isa = PBXFileReference; lastKnownFileType = audio.mp3; path = smallVoiceOver2.mp3; sourceTree = "<group>"; };
		0B24092A2C3E21EA00F1A2E6 /* String+Extensions.swift */ = {isa = PBXFileReference; fileEncoding = 4; lastKnownFileType = sourcecode.swift; path = "String+Extensions.swift"; sourceTree = "<group>"; };
		0B24092B2C3E21EA00F1A2E6 /* SupportLine.swift */ = {isa = PBXFileReference; fileEncoding = 4; lastKnownFileType = sourcecode.swift; path = SupportLine.swift; sourceTree = "<group>"; };
		0B24092C2C3E21EA00F1A2E6 /* TestConfigurationBuilder.swift */ = {isa = PBXFileReference; fileEncoding = 4; lastKnownFileType = sourcecode.swift; path = TestConfigurationBuilder.swift; sourceTree = "<group>"; };
		0B24092D2C3E21EA00F1A2E6 /* TheDoerVoSfx.mp3 */ = {isa = PBXFileReference; lastKnownFileType = audio.mp3; path = TheDoerVoSfx.mp3; sourceTree = "<group>"; };
		0B24092E2C3E21EA00F1A2E6 /* TheSeeker-VoFx.mp3 */ = {isa = PBXFileReference; lastKnownFileType = audio.mp3; path = "TheSeeker-VoFx.mp3"; sourceTree = "<group>"; };
		0B24092F2C3E21EA00F1A2E6 /* UiImage+Extensions.swift */ = {isa = PBXFileReference; fileEncoding = 4; lastKnownFileType = sourcecode.swift; path = "UiImage+Extensions.swift"; sourceTree = "<group>"; };
		0B2409302C3E21EA00F1A2E6 /* UIScreen+Extensions.swift */ = {isa = PBXFileReference; fileEncoding = 4; lastKnownFileType = sourcecode.swift; path = "UIScreen+Extensions.swift"; sourceTree = "<group>"; };
		0B2409312C3E21EA00F1A2E6 /* UUID+Extension.swift */ = {isa = PBXFileReference; fileEncoding = 4; lastKnownFileType = sourcecode.swift; path = "UUID+Extension.swift"; sourceTree = "<group>"; };
		0B2409322C3E21EA00F1A2E6 /* View+Extensions.swift */ = {isa = PBXFileReference; fileEncoding = 4; lastKnownFileType = sourcecode.swift; path = "View+Extensions.swift"; sourceTree = "<group>"; };
		0B2409332C3E21EA00F1A2E6 /* VoicedFeedbackType.swift */ = {isa = PBXFileReference; fileEncoding = 4; lastKnownFileType = sourcecode.swift; path = VoicedFeedbackType.swift; sourceTree = "<group>"; };
		0B2409342C3E21EA00F1A2E6 /* VOQA.entitlements */ = {isa = PBXFileReference; fileEncoding = 4; lastKnownFileType = text.plist.entitlements; path = VOQA.entitlements; sourceTree = "<group>"; };
		0B2409352C3E21EA00F1A2E6 /* VOQAApp.swift */ = {isa = PBXFileReference; fileEncoding = 4; lastKnownFileType = sourcecode.swift; path = VOQAApp.swift; sourceTree = "<group>"; };
		0B2409362C3E21EA00F1A2E6 /* VoqaMain.swift */ = {isa = PBXFileReference; fileEncoding = 4; lastKnownFileType = sourcecode.swift; path = VoqaMain.swift; sourceTree = "<group>"; };
		0B2409372C3E21EA00F1A2E6 /* VoqaWave.swift */ = {isa = PBXFileReference; fileEncoding = 4; lastKnownFileType = sourcecode.swift; path = VoqaWave.swift; sourceTree = "<group>"; };
		0B2409382C3E21EA00F1A2E6 /* VoqaWaveView.swift */ = {isa = PBXFileReference; fileEncoding = 4; lastKnownFileType = sourcecode.swift; path = VoqaWaveView.swift; sourceTree = "<group>"; };
		0B2409392C3E21EA00F1A2E6 /* VuMeter.swift */ = {isa = PBXFileReference; fileEncoding = 4; lastKnownFileType = sourcecode.swift; path = VuMeter.swift; sourceTree = "<group>"; };
		0B24093A2C3E21EA00F1A2E6 /* WaveGeometry.swift */ = {isa = PBXFileReference; fileEncoding = 4; lastKnownFileType = sourcecode.swift; path = WaveGeometry.swift; sourceTree = "<group>"; };
		0B24093B2C3E21EA00F1A2E6 /* wrongAnswerBell.wav */ = {isa = PBXFileReference; lastKnownFileType = audio.wav; path = wrongAnswerBell.wav; sourceTree = "<group>"; };
		0B25E0DF2C24ECD000ACD552 /* String+Extensions.swift */ = {isa = PBXFileReference; lastKnownFileType = sourcecode.swift; path = "String+Extensions.swift"; sourceTree = "<group>"; };
		0B31C3FB2C220F06006FB5D1 /* Errors.swift */ = {isa = PBXFileReference; lastKnownFileType = sourcecode.swift; path = Errors.swift; sourceTree = "<group>"; };
		0B31C3FD2C2211AD006FB5D1 /* NetworkMonitor.swift */ = {isa = PBXFileReference; lastKnownFileType = sourcecode.swift; path = NetworkMonitor.swift; sourceTree = "<group>"; };
		0B31C4002C222A8D006FB5D1 /* Info.plist */ = {isa = PBXFileReference; lastKnownFileType = text.plist; path = Info.plist; sourceTree = "<group>"; };
		0B31C4022C222B9F006FB5D1 /* AcceptButton.swift */ = {isa = PBXFileReference; lastKnownFileType = sourcecode.swift; path = AcceptButton.swift; sourceTree = "<group>"; };
		0B31C4092C223286006FB5D1 /* AVFoundation.framework */ = {isa = PBXFileReference; lastKnownFileType = wrapper.framework; name = AVFoundation.framework; path = Platforms/iPhoneOS.platform/Developer/SDKs/iPhoneOS17.4.sdk/System/Library/Frameworks/AVFoundation.framework; sourceTree = DEVELOPER_DIR; };
		0B31C40A2C223286006FB5D1 /* AVKit.framework */ = {isa = PBXFileReference; lastKnownFileType = wrapper.framework; name = AVKit.framework; path = Platforms/iPhoneOS.platform/Developer/SDKs/iPhoneOS17.4.sdk/System/Library/Frameworks/AVKit.framework; sourceTree = DEVELOPER_DIR; };
		0B31C40B2C223286006FB5D1 /* AVFAudio.framework */ = {isa = PBXFileReference; lastKnownFileType = wrapper.framework; name = AVFAudio.framework; path = Platforms/iPhoneOS.platform/Developer/SDKs/iPhoneOS17.4.sdk/System/Library/Frameworks/AVFAudio.framework; sourceTree = DEVELOPER_DIR; };
		0B4B46EB2C3C2C1700EEE2A2 /* QuizSessionConfig.swift */ = {isa = PBXFileReference; lastKnownFileType = sourcecode.swift; path = QuizSessionConfig.swift; sourceTree = "<group>"; };
		0B4B46ED2C3C3ABC00EEE2A2 /* SessionConfig.Json */ = {isa = PBXFileReference; lastKnownFileType = text.json; path = SessionConfig.Json; sourceTree = "<group>"; };
		0B4B46EF2C3C427600EEE2A2 /* ConfigurationUrls.swift */ = {isa = PBXFileReference; lastKnownFileType = sourcecode.swift; path = ConfigurationUrls.swift; sourceTree = "<group>"; };
		0B4B46F12C3C727800EEE2A2 /* NetworkService.swift */ = {isa = PBXFileReference; lastKnownFileType = sourcecode.swift; path = NetworkService.swift; sourceTree = "<group>"; };
		0B4B46F32C3C72BA00EEE2A2 /* QuizConfigManager.swift */ = {isa = PBXFileReference; lastKnownFileType = sourcecode.swift; path = QuizConfigManager.swift; sourceTree = "<group>"; };
		0B4B46F52C3C8FF300EEE2A2 /* TestConfigurationBuilder.swift */ = {isa = PBXFileReference; lastKnownFileType = sourcecode.swift; path = TestConfigurationBuilder.swift; sourceTree = "<group>"; };
		0B7548762C34BB8A00756633 /* QuizContextModuleTest.swift */ = {isa = PBXFileReference; lastKnownFileType = sourcecode.swift; name = QuizContextModuleTest.swift; path = ../QuizContextModuleTest.swift; sourceTree = "<group>"; };
		0B77C8542C29E58A00CA4522 /* VoiceFeedbackMessages.swift */ = {isa = PBXFileReference; lastKnownFileType = sourcecode.swift; name = VoiceFeedbackMessages.swift; path = ../DataModels/VoiceFeedbackMessages.swift; sourceTree = "<group>"; };
		0B77C8602C2A15EB00CA4522 /* UUID+Extension.swift */ = {isa = PBXFileReference; lastKnownFileType = sourcecode.swift; path = "UUID+Extension.swift"; sourceTree = "<group>"; };
		0B845E212C3A060600EC1CEE /* AudioPlayerManager.swift */ = {isa = PBXFileReference; lastKnownFileType = sourcecode.swift; path = AudioPlayerManager.swift; sourceTree = "<group>"; };
		0B845E252C3A067F00EC1CEE /* AudioSessionManager.swift */ = {isa = PBXFileReference; lastKnownFileType = sourcecode.swift; path = AudioSessionManager.swift; sourceTree = "<group>"; };
		0B845E272C3A06AC00EC1CEE /* AudioActions.swift */ = {isa = PBXFileReference; lastKnownFileType = sourcecode.swift; path = AudioActions.swift; sourceTree = "<group>"; };
		0B845E302C3A215F00EC1CEE /* QuizSessionManager.swift */ = {isa = PBXFileReference; lastKnownFileType = sourcecode.swift; path = QuizSessionManager.swift; sourceTree = "<group>"; };
		0B845E322C3A230500EC1CEE /* PrototypeMainView.swift */ = {isa = PBXFileReference; lastKnownFileType = sourcecode.swift; path = PrototypeMainView.swift; sourceTree = "<group>"; };
		0B8AFB952C2FD4C3005B7D0F /* Array+Extension.swift */ = {isa = PBXFileReference; lastKnownFileType = sourcecode.swift; path = "Array+Extension.swift"; sourceTree = "<group>"; };
		0BB19C362C37976300DAAD0E /* smallVoiceOver2.mp3 */ = {isa = PBXFileReference; lastKnownFileType = audio.mp3; path = smallVoiceOver2.mp3; sourceTree = "<group>"; };
		0BB19C382C37977F00DAAD0E /* smallVoiceOver.mp3 */ = {isa = PBXFileReference; lastKnownFileType = audio.mp3; path = smallVoiceOver.mp3; sourceTree = "<group>"; };
		0BB19C3A2C37979400DAAD0E /* LightWork-Vosfx.mp3 */ = {isa = PBXFileReference; lastKnownFileType = audio.mp3; path = "LightWork-Vosfx.mp3"; sourceTree = "<group>"; };
		0BB19C3C2C3797E900DAAD0E /* liberation-VoFx.mp3 */ = {isa = PBXFileReference; lastKnownFileType = audio.mp3; path = "liberation-VoFx.mp3"; sourceTree = "<group>"; };
		0BB19C3E2C37982200DAAD0E /* TheSeeker-VoFx.mp3 */ = {isa = PBXFileReference; lastKnownFileType = audio.mp3; path = "TheSeeker-VoFx.mp3"; sourceTree = "<group>"; };
		0BC091DA2C1D4463005FB223 /* VOQA.app */ = {isa = PBXFileReference; explicitFileType = wrapper.application; includeInIndex = 0; path = VOQA.app; sourceTree = BUILT_PRODUCTS_DIR; };
		0BC091DD2C1D4463005FB223 /* VOQAApp.swift */ = {isa = PBXFileReference; lastKnownFileType = sourcecode.swift; path = VOQAApp.swift; sourceTree = "<group>"; };
		0BC091DF2C1D4463005FB223 /* ContentView.swift */ = {isa = PBXFileReference; lastKnownFileType = sourcecode.swift; path = ContentView.swift; sourceTree = "<group>"; };
		0BC091E32C1D4465005FB223 /* Assets.xcassets */ = {isa = PBXFileReference; lastKnownFileType = folder.assetcatalog; path = Assets.xcassets; sourceTree = "<group>"; };
		0BC091E52C1D4465005FB223 /* VOQA.entitlements */ = {isa = PBXFileReference; lastKnownFileType = text.plist.entitlements; path = VOQA.entitlements; sourceTree = "<group>"; };
		0BC091E72C1D4465005FB223 /* Preview Assets.xcassets */ = {isa = PBXFileReference; lastKnownFileType = folder.assetcatalog; path = "Preview Assets.xcassets"; sourceTree = "<group>"; };
		0BC091ED2C1D4466005FB223 /* VOQATests.xctest */ = {isa = PBXFileReference; explicitFileType = wrapper.cfbundle; includeInIndex = 0; path = VOQATests.xctest; sourceTree = BUILT_PRODUCTS_DIR; };
		0BC091F72C1D4466005FB223 /* VOQAUITests.xctest */ = {isa = PBXFileReference; explicitFileType = wrapper.cfbundle; includeInIndex = 0; path = VOQAUITests.xctest; sourceTree = BUILT_PRODUCTS_DIR; };
		0BEA5A672C2751FE0091D612 /* BackgroundView.swift */ = {isa = PBXFileReference; lastKnownFileType = sourcecode.swift; path = BackgroundView.swift; sourceTree = "<group>"; };
		0BEA5A792C2753470091D612 /* Colo+Extensions.swift */ = {isa = PBXFileReference; lastKnownFileType = sourcecode.swift; path = "Colo+Extensions.swift"; sourceTree = "<group>"; };
		0BEA5A7B2C2753BC0091D612 /* UiImage+Extensions.swift */ = {isa = PBXFileReference; lastKnownFileType = sourcecode.swift; path = "UiImage+Extensions.swift"; sourceTree = "<group>"; };
		0BEA5A7D2C2754200091D612 /* View+Extensions.swift */ = {isa = PBXFileReference; lastKnownFileType = sourcecode.swift; path = "View+Extensions.swift"; sourceTree = "<group>"; };
		0BEA5A7F2C27546C0091D612 /* CGFloat+Extensions.swift */ = {isa = PBXFileReference; lastKnownFileType = sourcecode.swift; path = "CGFloat+Extensions.swift"; sourceTree = "<group>"; };
		0BEA5A812C27549D0091D612 /* UIScreen+Extensions.swift */ = {isa = PBXFileReference; lastKnownFileType = sourcecode.swift; path = "UIScreen+Extensions.swift"; sourceTree = "<group>"; };
		0BEA5A902C27689A0091D612 /* ErrorTextView.swift */ = {isa = PBXFileReference; lastKnownFileType = sourcecode.swift; path = ErrorTextView.swift; sourceTree = "<group>"; };
		0BEA5A922C2774BA0091D612 /* VuMeter.swift */ = {isa = PBXFileReference; lastKnownFileType = sourcecode.swift; path = VuMeter.swift; sourceTree = "<group>"; };
		0BEA5A942C27759D0091D612 /* VoqaWaveView.swift */ = {isa = PBXFileReference; lastKnownFileType = sourcecode.swift; path = VoqaWaveView.swift; sourceTree = "<group>"; };
		0BEA5A9C2C2776910091D612 /* SupportLine.swift */ = {isa = PBXFileReference; lastKnownFileType = sourcecode.swift; path = SupportLine.swift; sourceTree = "<group>"; };
		0BEA5A9E2C2776CE0091D612 /* WaveGeometry.swift */ = {isa = PBXFileReference; lastKnownFileType = sourcecode.swift; path = WaveGeometry.swift; sourceTree = "<group>"; };
		0BEA5AA02C2777280091D612 /* VoqaWave.swift */ = {isa = PBXFileReference; lastKnownFileType = sourcecode.swift; path = VoqaWave.swift; sourceTree = "<group>"; };
		0BEA5AA42C2780F60091D612 /* CircularPlayButton.swift */ = {isa = PBXFileReference; lastKnownFileType = sourcecode.swift; path = CircularPlayButton.swift; sourceTree = "<group>"; };
		0BEFE74A2C2C8F9100E931F7 /* ResponseModalPresenter.swift */ = {isa = PBXFileReference; fileEncoding = 4; lastKnownFileType = sourcecode.swift; name = ResponseModalPresenter.swift; path = ../ResponseModalPresenter.swift; sourceTree = "<group>"; };
		0BEFE74C2C2CB95200E931F7 /* QuestionPlayer.swift */ = {isa = PBXFileReference; lastKnownFileType = sourcecode.swift; name = QuestionPlayer.swift; path = ../QuestionPlayer.swift; sourceTree = "<group>"; };
/* End PBXFileReference section */

/* Begin PBXFrameworksBuildPhase section */
		0BC091D72C1D4463005FB223 /* Frameworks */ = {
			isa = PBXFrameworksBuildPhase;
			buildActionMask = 2147483647;
			files = (
				0B31C40E2C223286006FB5D1 /* AVFAudio.framework in Frameworks */,
				0B31C40D2C223286006FB5D1 /* AVKit.framework in Frameworks */,
				0B31C40C2C223286006FB5D1 /* AVFoundation.framework in Frameworks */,
			);
			runOnlyForDeploymentPostprocessing = 0;
		};
		0BC091EA2C1D4466005FB223 /* Frameworks */ = {
			isa = PBXFrameworksBuildPhase;
			buildActionMask = 2147483647;
			files = (
			);
			runOnlyForDeploymentPostprocessing = 0;
		};
		0BC091F42C1D4466005FB223 /* Frameworks */ = {
			isa = PBXFrameworksBuildPhase;
			buildActionMask = 2147483647;
			files = (
			);
			runOnlyForDeploymentPostprocessing = 0;
		};
/* End PBXFrameworksBuildPhase section */

/* Begin PBXGroup section */
		0B142DDE2C36DB1B001F98B0 /* QuizService */ = {
			isa = PBXGroup;
			children = (
				0B142DFD2C375600001F98B0 /* ServiceTestViews */,
				0B142DFA2C3754F3001F98B0 /* Protocols */,
				0B142DF82C3754C1001F98B0 /* SessionManagement */,
				0B142DF32C37545C001F98B0 /* ConfigModels */,
			);
			path = QuizService;
			sourceTree = "<group>";
		};
		0B142DF32C37545C001F98B0 /* ConfigModels */ = {
			isa = PBXGroup;
			children = (
				0B77C8542C29E58A00CA4522 /* VoiceFeedbackMessages.swift */,
				0B142DF42C37547E001F98B0 /* Question.swift */,
			);
			name = ConfigModels;
			sourceTree = "<group>";
		};
		0B142DF82C3754C1001F98B0 /* SessionManagement */ = {
			isa = PBXGroup;
			children = (
				0B845E2F2C3A212100EC1CEE /* SessionManagers */,
				0B845E202C3A05C900EC1CEE /* AudioService */,
				0BEFE74C2C2CB95200E931F7 /* QuestionPlayer.swift */,
				0B142DE72C36FA9E001F98B0 /* IdleSession.swift */,
				0B142DE52C36E7BB001F98B0 /* SessionCloser.swift */,
				0B142DFB2C37555C001F98B0 /* ReviewsManager.swift */,
			);
			name = SessionManagement;
			sourceTree = "<group>";
		};
		0B142DFA2C3754F3001F98B0 /* Protocols */ = {
			isa = PBXGroup;
			children = (
				0B142DE12C36DE23001F98B0 /* QuizServices.swift */,
				0B2408E42C3DEE4500F1A2E6 /* QuizProtocols.swift */,
			);
			name = Protocols;
			sourceTree = "<group>";
		};
		0B142DFD2C375600001F98B0 /* ServiceTestViews */ = {
			isa = PBXGroup;
			children = (
				0B1A33152C248A6100740205 /* AudioPlyerTestViews.swift */,
				0B7548762C34BB8A00756633 /* QuizContextModuleTest.swift */,
				0B845E322C3A230500EC1CEE /* PrototypeMainView.swift */,
				0B0622572C3A2F95002386D7 /* ButtonsGridView.swift */,
			);
			name = ServiceTestViews;
			sourceTree = "<group>";
		};
		0B2408D02C3D94EF00F1A2E6 /* TextFormatting */ = {
			isa = PBXGroup;
			children = (
			);
			name = TextFormatting;
			sourceTree = "<group>";
		};
		0B2408DC2C3DC4AF00F1A2E6 /* ViewModels */ = {
			isa = PBXGroup;
			children = (
				0B2408DD2C3DC4CB00F1A2E6 /* QuizViewModel.swift */,
			);
			name = ViewModels;
			sourceTree = "<group>";
		};
		0B2408E12C3DED6B00F1A2E6 /* QuizDataModels */ = {
			isa = PBXGroup;
			children = (
				0B4B46EB2C3C2C1700EEE2A2 /* QuizSessionConfig.swift */,
				0B2408E22C3DEDC400F1A2E6 /* QuizDataModels.swift */,
				0B2408E62C3DF29000F1A2E6 /* VoicedFeedbackType.swift */,
			);
			name = QuizDataModels;
			sourceTree = "<group>";
		};
		0B2408EA2C3E21EA00F1A2E6 /* AppConfigurations */ = {
			isa = PBXGroup;
			children = (
				0B2408E82C3E21EA00F1A2E6 /* Errors.swift */,
				0B2408E92C3E21EA00F1A2E6 /* NetworkMonitor.swift */,
			);
			path = AppConfigurations;
			sourceTree = "<group>";
		};
		0B2408ED2C3E21EA00F1A2E6 /* ComponentModels */ = {
			isa = PBXGroup;
			children = (
				0B2408EB2C3E21EA00F1A2E6 /* AcceptButton.swift */,
				0B2408EC2C3E21EA00F1A2E6 /* CircularPlayButton.swift */,
			);
			path = ComponentModels;
			sourceTree = "<group>";
		};
		0B2408EF2C3E21EA00F1A2E6 /* DataModels */ = {
			isa = PBXGroup;
			children = (
				0B2408EE2C3E21EA00F1A2E6 /* VoiceFeedbackMessages.swift */,
			);
			path = DataModels;
			sourceTree = "<group>";
		};
		0B2408F12C3E21EA00F1A2E6 /* Preview Content */ = {
			isa = PBXGroup;
			children = (
				0B2408F02C3E21EA00F1A2E6 /* Preview Assets.xcassets */,
			);
			path = "Preview Content";
			sourceTree = "<group>";
		};
		0B2408FD2C3E21EA00F1A2E6 /* QuizService */ = {
			isa = PBXGroup;
			children = (
				0B2408F22C3E21EA00F1A2E6 /* ButtonsGridView.swift */,
				0B2408F32C3E21EA00F1A2E6 /* IdleSession.swift */,
				0B2408F42C3E21EA00F1A2E6 /* PrototypeMainView.swift */,
				0B2408F52C3E21EA00F1A2E6 /* Question.swift */,
				0B2408F62C3E21EA00F1A2E6 /* QuizProtocols.swift */,
				0B2408F72C3E21EA00F1A2E6 /* QuizServices.swift */,
				0B2408F82C3E21EA00F1A2E6 /* QuizSession.swift */,
				0B2408F92C3E21EA00F1A2E6 /* ResponseValidationManager.swift */,
				0B2408FA2C3E21EA00F1A2E6 /* ReviewsManager.swift */,
				0B2408FB2C3E21EA00F1A2E6 /* SessionAudioPlayer.swift */,
				0B2408FC2C3E21EA00F1A2E6 /* SessionCloser.swift */,
			);
			path = QuizService;
			sourceTree = "<group>";
		};
		0B2409042C3E21EA00F1A2E6 /* SoundEffects */ = {
			isa = PBXGroup;
			children = (
				0B2408FE2C3E21EA00F1A2E6 /* correctAnswerBell.wav */,
				0B2408FF2C3E21EA00F1A2E6 /* dismissResponderBell.wav */,
				0B2409002C3E21EA00F1A2E6 /* errorBell.wav */,
				0B2409012C3E21EA00F1A2E6 /* NextQuestionWave.wav */,
				0B2409022C3E21EA00F1A2E6 /* showResponderBell.wav */,
				0B2409032C3E21EA00F1A2E6 /* wrongAnswerBell.wav */,
			);
			path = SoundEffects;
			sourceTree = "<group>";
		};
		0B24093C2C3E21EA00F1A2E6 /* VOQA */ = {
			isa = PBXGroup;
			children = (
				0B2408EA2C3E21EA00F1A2E6 /* AppConfigurations */,
				0B2408ED2C3E21EA00F1A2E6 /* ComponentModels */,
				0B2408EF2C3E21EA00F1A2E6 /* DataModels */,
				0B2408F12C3E21EA00F1A2E6 /* Preview Content */,
				0B2408FD2C3E21EA00F1A2E6 /* QuizService */,
				0B2409042C3E21EA00F1A2E6 /* SoundEffects */,
				0B2409052C3E21EA00F1A2E6 /* Array+Extension.swift */,
				0B2409062C3E21EA00F1A2E6 /* Assets.xcassets */,
				0B2409072C3E21EA00F1A2E6 /* AudioActions.swift */,
				0B2409082C3E21EA00F1A2E6 /* AudioFileSorter.swift */,
				0B2409092C3E21EA00F1A2E6 /* AudioPlayerManager.swift */,
				0B24090A2C3E21EA00F1A2E6 /* AudioPlyerTestViews.swift */,
				0B24090B2C3E21EA00F1A2E6 /* AudioSessionManager.swift */,
				0B24090C2C3E21EA00F1A2E6 /* BackgroundView.swift */,
				0B24090D2C3E21EA00F1A2E6 /* CGFloat+Extensions.swift */,
				0B24090E2C3E21EA00F1A2E6 /* Colo+Extensions.swift */,
				0B24090F2C3E21EA00F1A2E6 /* ConfigurationUrls.swift */,
				0B2409102C3E21EA00F1A2E6 /* ContentView.swift */,
				0B2409112C3E21EA00F1A2E6 /* correctAnswerBell.wav */,
				0B2409122C3E21EA00F1A2E6 /* CustomHorizontalScrollView.swift */,
				0B2409132C3E21EA00F1A2E6 /* dismissResponderBell.wav */,
				0B2409142C3E21EA00F1A2E6 /* errorBell.wav */,
				0B2409152C3E21EA00F1A2E6 /* ErrorTextView.swift */,
				0B2409162C3E21EA00F1A2E6 /* Info.plist */,
				0B2409172C3E21EA00F1A2E6 /* liberation-VoFx.mp3 */,
				0B2409182C3E21EA00F1A2E6 /* LightWork-Vosfx.mp3 */,
				0B2409192C3E21EA00F1A2E6 /* MiniPlayer.swift */,
				0B24091A2C3E21EA00F1A2E6 /* MiniPlayerControls.swift */,
				0B24091B2C3E21EA00F1A2E6 /* NetworkService.swift */,
				0B24091C2C3E21EA00F1A2E6 /* NextQuestionWave.wav */,
				0B24091D2C3E21EA00F1A2E6 /* QuestionPlayer.swift */,
				0B24091E2C3E21EA00F1A2E6 /* QuizConfigManager.swift */,
				0B24091F2C3E21EA00F1A2E6 /* QuizContextModuleTest.swift */,
				0B2409202C3E21EA00F1A2E6 /* QuizDataModels.swift */,
				0B2409212C3E21EA00F1A2E6 /* QuizSessionConfig.swift */,
				0B2409222C3E21EA00F1A2E6 /* QuizSessionManager.swift */,
				0B2409232C3E21EA00F1A2E6 /* QuizViewModel.swift */,
				0B2409242C3E21EA00F1A2E6 /* ResponseModalPresenter.swift */,
				0B2409252C3E21EA00F1A2E6 /* SessionConfig.Json */,
				0B2409262C3E21EA00F1A2E6 /* SessionInitializer.swift */,
				0B2409272C3E21EA00F1A2E6 /* showResponderBell.wav */,
				0B2409282C3E21EA00F1A2E6 /* smallVoiceOver.mp3 */,
				0B2409292C3E21EA00F1A2E6 /* smallVoiceOver2.mp3 */,
				0B24092A2C3E21EA00F1A2E6 /* String+Extensions.swift */,
				0B24092B2C3E21EA00F1A2E6 /* SupportLine.swift */,
				0B24092C2C3E21EA00F1A2E6 /* TestConfigurationBuilder.swift */,
				0B24092D2C3E21EA00F1A2E6 /* TheDoerVoSfx.mp3 */,
				0B24092E2C3E21EA00F1A2E6 /* TheSeeker-VoFx.mp3 */,
				0B24092F2C3E21EA00F1A2E6 /* UiImage+Extensions.swift */,
				0B2409302C3E21EA00F1A2E6 /* UIScreen+Extensions.swift */,
				0B2409312C3E21EA00F1A2E6 /* UUID+Extension.swift */,
				0B2409322C3E21EA00F1A2E6 /* View+Extensions.swift */,
				0B2409332C3E21EA00F1A2E6 /* VoicedFeedbackType.swift */,
				0B2409342C3E21EA00F1A2E6 /* VOQA.entitlements */,
				0B2409352C3E21EA00F1A2E6 /* VOQAApp.swift */,
				0B2409362C3E21EA00F1A2E6 /* VoqaMain.swift */,
				0B2409372C3E21EA00F1A2E6 /* VoqaWave.swift */,
				0B2409382C3E21EA00F1A2E6 /* VoqaWaveView.swift */,
				0B2409392C3E21EA00F1A2E6 /* VuMeter.swift */,
				0B24093A2C3E21EA00F1A2E6 /* WaveGeometry.swift */,
				0B24093B2C3E21EA00F1A2E6 /* wrongAnswerBell.wav */,
			);
			name = VOQA;
			sourceTree = "<group>";
		};
		0B25E0DE2C24ECB600ACD552 /* Extensions */ = {
			isa = PBXGroup;
			children = (
				0B25E0DF2C24ECD000ACD552 /* String+Extensions.swift */,
				0BEA5A792C2753470091D612 /* Colo+Extensions.swift */,
				0BEA5A7B2C2753BC0091D612 /* UiImage+Extensions.swift */,
				0BEA5A7D2C2754200091D612 /* View+Extensions.swift */,
				0BEA5A7F2C27546C0091D612 /* CGFloat+Extensions.swift */,
				0BEA5A812C27549D0091D612 /* UIScreen+Extensions.swift */,
				0B77C8602C2A15EB00CA4522 /* UUID+Extension.swift */,
				0B8AFB952C2FD4C3005B7D0F /* Array+Extension.swift */,
			);
			name = Extensions;
			sourceTree = "<group>";
		};
		0B31C3FF2C221C35006FB5D1 /* AppConfigurations */ = {
			isa = PBXGroup;
			children = (
				0B31C3FB2C220F06006FB5D1 /* Errors.swift */,
				0B31C3FD2C2211AD006FB5D1 /* NetworkMonitor.swift */,
			);
			path = AppConfigurations;
			sourceTree = "<group>";
		};
		0B31C4012C222B72006FB5D1 /* ComponentModels */ = {
			isa = PBXGroup;
			children = (
				0B31C4022C222B9F006FB5D1 /* AcceptButton.swift */,
				0B1A5B6D2C2A6D5300D29CA1 /* MiniPlayerControls.swift */,
				0B1A5B6B2C2A6C7C00D29CA1 /* MiniPlayer.swift */,
				0BEFE74A2C2C8F9100E931F7 /* ResponseModalPresenter.swift */,
				0BEA5AA42C2780F60091D612 /* CircularPlayButton.swift */,
			);
			path = ComponentModels;
			sourceTree = "<group>";
		};
		0B31C4082C223286006FB5D1 /* Frameworks */ = {
			isa = PBXGroup;
			children = (
				0B31C40B2C223286006FB5D1 /* AVFAudio.framework */,
				0B31C4092C223286006FB5D1 /* AVFoundation.framework */,
				0B31C40A2C223286006FB5D1 /* AVKit.framework */,
			);
			name = Frameworks;
			sourceTree = "<group>";
		};
		0B4B46EA2C3C2BE600EEE2A2 /* QuizSessionConfig */ = {
			isa = PBXGroup;
			children = (
				0B2408E12C3DED6B00F1A2E6 /* QuizDataModels */,
				0B4B46F72C3C95A500EEE2A2 /* ConfigurationManagement */,
				0B4B46F82C3C95E700EEE2A2 /* ConfigurationDataService */,
				0B4B46F92C3C961900EEE2A2 /* DefaultConfigurations */,
			);
			name = QuizSessionConfig;
			sourceTree = "<group>";
		};
		0B4B46F72C3C95A500EEE2A2 /* ConfigurationManagement */ = {
			isa = PBXGroup;
			children = (
				0B4B46F52C3C8FF300EEE2A2 /* TestConfigurationBuilder.swift */,
				0B4B46F32C3C72BA00EEE2A2 /* QuizConfigManager.swift */,
			);
			name = ConfigurationManagement;
			sourceTree = "<group>";
		};
		0B4B46F82C3C95E700EEE2A2 /* ConfigurationDataService */ = {
			isa = PBXGroup;
			children = (
				0B4B46F12C3C727800EEE2A2 /* NetworkService.swift */,
				0B4B46EF2C3C427600EEE2A2 /* ConfigurationUrls.swift */,
			);
			name = ConfigurationDataService;
			sourceTree = "<group>";
		};
		0B4B46F92C3C961900EEE2A2 /* DefaultConfigurations */ = {
			isa = PBXGroup;
			children = (
				0B4B46ED2C3C3ABC00EEE2A2 /* SessionConfig.Json */,
				0B24093C2C3E21EA00F1A2E6 /* VOQA */,
			);
			name = DefaultConfigurations;
			sourceTree = "<group>";
		};
		0B845E202C3A05C900EC1CEE /* AudioService */ = {
			isa = PBXGroup;
			children = (
				0B142DEF2C372408001F98B0 /* SessionAudioPlayer.swift */,
				0B845E212C3A060600EC1CEE /* AudioPlayerManager.swift */,
				0B845E252C3A067F00EC1CEE /* AudioSessionManager.swift */,
				0B845E272C3A06AC00EC1CEE /* AudioActions.swift */,
				0B2408D12C3DACA200F1A2E6 /* AudioFileSorter.swift */,
			);
			name = AudioService;
			path = ..;
			sourceTree = "<group>";
		};
		0B845E2F2C3A212100EC1CEE /* SessionManagers */ = {
			isa = PBXGroup;
			children = (
				0B142DE32C36DF04001F98B0 /* QuizSession.swift */,
				0B845E302C3A215F00EC1CEE /* QuizSessionManager.swift */,
				0B2408D92C3DBD7800F1A2E6 /* SessionInitializer.swift */,
			);
			name = SessionManagers;
			path = ..;
			sourceTree = "<group>";
		};
		0BB19C352C3796F100DAAD0E /* TestUrls */ = {
			isa = PBXGroup;
			children = (
				0BB19C362C37976300DAAD0E /* smallVoiceOver2.mp3 */,
				0BB19C3A2C37979400DAAD0E /* LightWork-Vosfx.mp3 */,
				0BB19C3C2C3797E900DAAD0E /* liberation-VoFx.mp3 */,
				0BB19C382C37977F00DAAD0E /* smallVoiceOver.mp3 */,
				0BB19C3E2C37982200DAAD0E /* TheSeeker-VoFx.mp3 */,
			);
			name = TestUrls;
			sourceTree = "<group>";
		};
		0BC091D12C1D4463005FB223 = {
			isa = PBXGroup;
			children = (
				0BC091DC2C1D4463005FB223 /* VOQA */,
				0BC091DB2C1D4463005FB223 /* Products */,
				0B31C4082C223286006FB5D1 /* Frameworks */,
			);
			sourceTree = "<group>";
		};
		0BC091DB2C1D4463005FB223 /* Products */ = {
			isa = PBXGroup;
			children = (
				0BC091DA2C1D4463005FB223 /* VOQA.app */,
				0BC091ED2C1D4466005FB223 /* VOQATests.xctest */,
				0BC091F72C1D4466005FB223 /* VOQAUITests.xctest */,
			);
			name = Products;
			sourceTree = "<group>";
		};
		0BC091DC2C1D4463005FB223 /* VOQA */ = {
			isa = PBXGroup;
			children = (
				0BC091DD2C1D4463005FB223 /* VOQAApp.swift */,
				0BC091DF2C1D4463005FB223 /* ContentView.swift */,
				0B31C3FF2C221C35006FB5D1 /* AppConfigurations */,
				0B25E0DE2C24ECB600ACD552 /* Extensions */,
				0B142DDE2C36DB1B001F98B0 /* QuizService */,
				0B4B46EA2C3C2BE600EEE2A2 /* QuizSessionConfig */,
				0B2408D02C3D94EF00F1A2E6 /* TextFormatting */,
				0BEA5AAB2C279BB60091D612 /* Views */,
				0BB19C352C3796F100DAAD0E /* TestUrls */,
				0BC091E32C1D4465005FB223 /* Assets.xcassets */,
				0BC091E52C1D4465005FB223 /* VOQA.entitlements */,
				0B31C4002C222A8D006FB5D1 /* Info.plist */,
				0BC091E62C1D4465005FB223 /* Preview Content */,
			);
			path = VOQA;
			sourceTree = "<group>";
		};
		0BC091E62C1D4465005FB223 /* Preview Content */ = {
			isa = PBXGroup;
			children = (
				0BC091E72C1D4465005FB223 /* Preview Assets.xcassets */,
			);
			path = "Preview Content";
			sourceTree = "<group>";
		};
		0BEA5A662C2751D00091D612 /* ComponentViews */ = {
			isa = PBXGroup;
			children = (
				0BEA5AA32C2777BE0091D612 /* VoqaWave */,
				0BEA5A672C2751FE0091D612 /* BackgroundView.swift */,
				0BEA5A902C27689A0091D612 /* ErrorTextView.swift */,
				0B2408CB2C3D941900F1A2E6 /* CustomHorizontalScrollView.swift */,
				0B2408CD2C3D943700F1A2E6 /* VoqaMain.swift */,
				0BEA5A922C2774BA0091D612 /* VuMeter.swift */,
			);
			name = ComponentViews;
			sourceTree = "<group>";
		};
		0BEA5AA32C2777BE0091D612 /* VoqaWave */ = {
			isa = PBXGroup;
			children = (
				0BEA5AA02C2777280091D612 /* VoqaWave.swift */,
				0BEA5A9C2C2776910091D612 /* SupportLine.swift */,
				0BEA5A942C27759D0091D612 /* VoqaWaveView.swift */,
				0BEA5A9E2C2776CE0091D612 /* WaveGeometry.swift */,
			);
			name = VoqaWave;
			sourceTree = "<group>";
		};
		0BEA5AAB2C279BB60091D612 /* Views */ = {
			isa = PBXGroup;
			children = (
				0B2408DC2C3DC4AF00F1A2E6 /* ViewModels */,
				0B31C4012C222B72006FB5D1 /* ComponentModels */,
				0BEA5A662C2751D00091D612 /* ComponentViews */,
			);
			name = Views;
			sourceTree = "<group>";
		};
/* End PBXGroup section */

/* Begin PBXNativeTarget section */
		0BC091D92C1D4463005FB223 /* VOQA */ = {
			isa = PBXNativeTarget;
			buildConfigurationList = 0BC092012C1D4466005FB223 /* Build configuration list for PBXNativeTarget "VOQA" */;
			buildPhases = (
				0BC091D62C1D4463005FB223 /* Sources */,
				0BC091D72C1D4463005FB223 /* Frameworks */,
				0BC091D82C1D4463005FB223 /* Resources */,
			);
			buildRules = (
			);
			dependencies = (
			);
			name = VOQA;
			productName = VOQA;
			productReference = 0BC091DA2C1D4463005FB223 /* VOQA.app */;
			productType = "com.apple.product-type.application";
		};
		0BC091EC2C1D4466005FB223 /* VOQATests */ = {
			isa = PBXNativeTarget;
			buildConfigurationList = 0BC092042C1D4466005FB223 /* Build configuration list for PBXNativeTarget "VOQATests" */;
			buildPhases = (
				0BC091E92C1D4466005FB223 /* Sources */,
				0BC091EA2C1D4466005FB223 /* Frameworks */,
				0BC091EB2C1D4466005FB223 /* Resources */,
			);
			buildRules = (
			);
			dependencies = (
				0BC091EF2C1D4466005FB223 /* PBXTargetDependency */,
			);
			name = VOQATests;
			productName = VOQATests;
			productReference = 0BC091ED2C1D4466005FB223 /* VOQATests.xctest */;
			productType = "com.apple.product-type.bundle.unit-test";
		};
		0BC091F62C1D4466005FB223 /* VOQAUITests */ = {
			isa = PBXNativeTarget;
			buildConfigurationList = 0BC092072C1D4466005FB223 /* Build configuration list for PBXNativeTarget "VOQAUITests" */;
			buildPhases = (
				0BC091F32C1D4466005FB223 /* Sources */,
				0BC091F42C1D4466005FB223 /* Frameworks */,
				0BC091F52C1D4466005FB223 /* Resources */,
			);
			buildRules = (
			);
			dependencies = (
				0BC091F92C1D4466005FB223 /* PBXTargetDependency */,
			);
			name = VOQAUITests;
			productName = VOQAUITests;
			productReference = 0BC091F72C1D4466005FB223 /* VOQAUITests.xctest */;
			productType = "com.apple.product-type.bundle.ui-testing";
		};
/* End PBXNativeTarget section */

/* Begin PBXProject section */
		0BC091D22C1D4463005FB223 /* Project object */ = {
			isa = PBXProject;
			attributes = {
				BuildIndependentTargetsInParallel = 1;
				LastSwiftUpdateCheck = 1530;
				LastUpgradeCheck = 1530;
				TargetAttributes = {
					0BC091D92C1D4463005FB223 = {
						CreatedOnToolsVersion = 15.3;
					};
					0BC091EC2C1D4466005FB223 = {
						CreatedOnToolsVersion = 15.3;
						TestTargetID = 0BC091D92C1D4463005FB223;
					};
					0BC091F62C1D4466005FB223 = {
						CreatedOnToolsVersion = 15.3;
						TestTargetID = 0BC091D92C1D4463005FB223;
					};
				};
			};
			buildConfigurationList = 0BC091D52C1D4463005FB223 /* Build configuration list for PBXProject "VOQA" */;
			compatibilityVersion = "Xcode 14.0";
			developmentRegion = en;
			hasScannedForEncodings = 0;
			knownRegions = (
				en,
				Base,
			);
			mainGroup = 0BC091D12C1D4463005FB223;
			productRefGroup = 0BC091DB2C1D4463005FB223 /* Products */;
			projectDirPath = "";
			projectRoot = "";
			targets = (
				0BC091D92C1D4463005FB223 /* VOQA */,
				0BC091EC2C1D4466005FB223 /* VOQATests */,
				0BC091F62C1D4466005FB223 /* VOQAUITests */,
			);
		};
/* End PBXProject section */

/* Begin PBXResourcesBuildPhase section */
		0BC091D82C1D4463005FB223 /* Resources */ = {
			isa = PBXResourcesBuildPhase;
			buildActionMask = 2147483647;
			files = (
				0B2409502C3E21EA00F1A2E6 /* errorBell.wav in Resources */,
				0BC091E82C1D4465005FB223 /* Preview Assets.xcassets in Resources */,
				0B2409552C3E21EA00F1A2E6 /* Assets.xcassets in Resources */,
				0B24094E2C3E21EA00F1A2E6 /* correctAnswerBell.wav in Resources */,
				0BC091E42C1D4465005FB223 /* Assets.xcassets in Resources */,
				0BB19C392C37977F00DAAD0E /* smallVoiceOver.mp3 in Resources */,
				0B24097C2C3E21EA00F1A2E6 /* TheDoerVoSfx.mp3 in Resources */,
				0B2409662C3E21EA00F1A2E6 /* liberation-VoFx.mp3 in Resources */,
				0B2409512C3E21EA00F1A2E6 /* NextQuestionWave.wav in Resources */,
				0B24096B2C3E21EA00F1A2E6 /* NextQuestionWave.wav in Resources */,
				0B2409742C3E21EA00F1A2E6 /* SessionConfig.Json in Resources */,
				0B2409522C3E21EA00F1A2E6 /* showResponderBell.wav in Resources */,
				0B24094F2C3E21EA00F1A2E6 /* dismissResponderBell.wav in Resources */,
				0BB19C3F2C37982200DAAD0E /* TheSeeker-VoFx.mp3 in Resources */,
				0B2409652C3E21EA00F1A2E6 /* Info.plist in Resources */,
				0B4B46EE2C3C3ABC00EEE2A2 /* SessionConfig.Json in Resources */,
				0B2409672C3E21EA00F1A2E6 /* LightWork-Vosfx.mp3 in Resources */,
				0B2409422C3E21EA00F1A2E6 /* Preview Assets.xcassets in Resources */,
				0B2409532C3E21EA00F1A2E6 /* wrongAnswerBell.wav in Resources */,
				0BB19C372C37976300DAAD0E /* smallVoiceOver2.mp3 in Resources */,
				0B2409892C3E21EA00F1A2E6 /* wrongAnswerBell.wav in Resources */,
				0B2409622C3E21EA00F1A2E6 /* dismissResponderBell.wav in Resources */,
				0B2409762C3E21EA00F1A2E6 /* showResponderBell.wav in Resources */,
				0B2409772C3E21EA00F1A2E6 /* smallVoiceOver.mp3 in Resources */,
				0BB19C3D2C3797E900DAAD0E /* liberation-VoFx.mp3 in Resources */,
				0B2409602C3E21EA00F1A2E6 /* correctAnswerBell.wav in Resources */,
				0B24097D2C3E21EA00F1A2E6 /* TheSeeker-VoFx.mp3 in Resources */,
				0B2409632C3E21EA00F1A2E6 /* errorBell.wav in Resources */,
				0BB19C3B2C37979400DAAD0E /* LightWork-Vosfx.mp3 in Resources */,
				0B2409782C3E21EA00F1A2E6 /* smallVoiceOver2.mp3 in Resources */,
			);
			runOnlyForDeploymentPostprocessing = 0;
		};
		0BC091EB2C1D4466005FB223 /* Resources */ = {
			isa = PBXResourcesBuildPhase;
			buildActionMask = 2147483647;
			files = (
			);
			runOnlyForDeploymentPostprocessing = 0;
		};
		0BC091F52C1D4466005FB223 /* Resources */ = {
			isa = PBXResourcesBuildPhase;
			buildActionMask = 2147483647;
			files = (
			);
			runOnlyForDeploymentPostprocessing = 0;
		};
/* End PBXResourcesBuildPhase section */

/* Begin PBXSourcesBuildPhase section */
		0BC091D62C1D4463005FB223 /* Sources */ = {
			isa = PBXSourcesBuildPhase;
			buildActionMask = 2147483647;
			files = (
				0B2409442C3E21EA00F1A2E6 /* IdleSession.swift in Sources */,
				0B2409792C3E21EA00F1A2E6 /* String+Extensions.swift in Sources */,
				0B2409462C3E21EA00F1A2E6 /* Question.swift in Sources */,
				0B1A33162C248A6100740205 /* AudioPlyerTestViews.swift in Sources */,
				0BEA5AA12C2777280091D612 /* VoqaWave.swift in Sources */,
				0B24096E2C3E21EA00F1A2E6 /* QuizContextModuleTest.swift in Sources */,
				0B2408CE2C3D943700F1A2E6 /* VoqaMain.swift in Sources */,
				0B2408E72C3DF29000F1A2E6 /* VoicedFeedbackType.swift in Sources */,
				0B2408DA2C3DBD7800F1A2E6 /* SessionInitializer.swift in Sources */,
				0B142DFC2C37555C001F98B0 /* ReviewsManager.swift in Sources */,
				0BC091E02C1D4463005FB223 /* ContentView.swift in Sources */,
				0B2408D22C3DACA200F1A2E6 /* AudioFileSorter.swift in Sources */,
				0B2408CC2C3D941900F1A2E6 /* CustomHorizontalScrollView.swift in Sources */,
				0B2409832C3E21EA00F1A2E6 /* VOQAApp.swift in Sources */,
				0B845E282C3A06AC00EC1CEE /* AudioActions.swift in Sources */,
				0B25E0E02C24ECD000ACD552 /* String+Extensions.swift in Sources */,
				0B2408DE2C3DC4CB00F1A2E6 /* QuizViewModel.swift in Sources */,
				0BEA5A912C27689A0091D612 /* ErrorTextView.swift in Sources */,
				0B24095C2C3E21EA00F1A2E6 /* CGFloat+Extensions.swift in Sources */,
				0B2409872C3E21EA00F1A2E6 /* VuMeter.swift in Sources */,
				0B2409432C3E21EA00F1A2E6 /* ButtonsGridView.swift in Sources */,
				0BEA5A952C27759D0091D612 /* VoqaWaveView.swift in Sources */,
				0B2409562C3E21EA00F1A2E6 /* AudioActions.swift in Sources */,
				0B77C8612C2A15EB00CA4522 /* UUID+Extension.swift in Sources */,
				0B24096D2C3E21EA00F1A2E6 /* QuizConfigManager.swift in Sources */,
				0BEA5A9D2C2776910091D612 /* SupportLine.swift in Sources */,
				0B2409492C3E21EA00F1A2E6 /* QuizSession.swift in Sources */,
				0B24093E2C3E21EA00F1A2E6 /* NetworkMonitor.swift in Sources */,
				0B845E222C3A060600EC1CEE /* AudioPlayerManager.swift in Sources */,
				0BEA5A822C27549D0091D612 /* UIScreen+Extensions.swift in Sources */,
				0BEA5A7C2C2753BC0091D612 /* UiImage+Extensions.swift in Sources */,
				0B24093D2C3E21EA00F1A2E6 /* Errors.swift in Sources */,
				0B2409572C3E21EA00F1A2E6 /* AudioFileSorter.swift in Sources */,
				0B1A5B6E2C2A6D5300D29CA1 /* MiniPlayerControls.swift in Sources */,
				0B142DE22C36DE23001F98B0 /* QuizServices.swift in Sources */,
				0B4B46F42C3C72BA00EEE2A2 /* QuizConfigManager.swift in Sources */,
				0B24097A2C3E21EA00F1A2E6 /* SupportLine.swift in Sources */,
				0B2409582C3E21EA00F1A2E6 /* AudioPlayerManager.swift in Sources */,
				0B24095E2C3E21EA00F1A2E6 /* ConfigurationUrls.swift in Sources */,
				0B2409412C3E21EA00F1A2E6 /* VoiceFeedbackMessages.swift in Sources */,
				0B2409702C3E21EA00F1A2E6 /* QuizSessionConfig.swift in Sources */,
				0B4B46F02C3C427600EEE2A2 /* ConfigurationUrls.swift in Sources */,
				0B24094A2C3E21EA00F1A2E6 /* ResponseValidationManager.swift in Sources */,
				0B2409712C3E21EA00F1A2E6 /* QuizSessionManager.swift in Sources */,
				0B24097B2C3E21EA00F1A2E6 /* TestConfigurationBuilder.swift in Sources */,
				0B2409722C3E21EA00F1A2E6 /* QuizViewModel.swift in Sources */,
				0B2409862C3E21EA00F1A2E6 /* VoqaWaveView.swift in Sources */,
				0B2409402C3E21EA00F1A2E6 /* CircularPlayButton.swift in Sources */,
				0B2409682C3E21EA00F1A2E6 /* MiniPlayer.swift in Sources */,
				0B1A5B6C2C2A6C7C00D29CA1 /* MiniPlayer.swift in Sources */,
				0BEA5A9F2C2776CE0091D612 /* WaveGeometry.swift in Sources */,
				0B142DF52C37547E001F98B0 /* Question.swift in Sources */,
				0B2409452C3E21EA00F1A2E6 /* PrototypeMainView.swift in Sources */,
				0B845E312C3A215F00EC1CEE /* QuizSessionManager.swift in Sources */,
				0B2409472C3E21EA00F1A2E6 /* QuizProtocols.swift in Sources */,
				0B2409642C3E21EA00F1A2E6 /* ErrorTextView.swift in Sources */,
				0B2409542C3E21EA00F1A2E6 /* Array+Extension.swift in Sources */,
				0BEA5A682C2751FE0091D612 /* BackgroundView.swift in Sources */,
				0B845E262C3A067F00EC1CEE /* AudioSessionManager.swift in Sources */,
				0BC091DE2C1D4463005FB223 /* VOQAApp.swift in Sources */,
				0B142DF02C372408001F98B0 /* SessionAudioPlayer.swift in Sources */,
				0B2409732C3E21EA00F1A2E6 /* ResponseModalPresenter.swift in Sources */,
				0B2409842C3E21EA00F1A2E6 /* VoqaMain.swift in Sources */,
				0B2408E52C3DEE4500F1A2E6 /* QuizProtocols.swift in Sources */,
				0B142DE62C36E7BB001F98B0 /* SessionCloser.swift in Sources */,
				0BEA5A802C27546C0091D612 /* CGFloat+Extensions.swift in Sources */,
				0B24097F2C3E21EA00F1A2E6 /* UIScreen+Extensions.swift in Sources */,
				0B0622582C3A2F95002386D7 /* ButtonsGridView.swift in Sources */,
				0B24096A2C3E21EA00F1A2E6 /* NetworkService.swift in Sources */,
				0B77C8552C29E58A00CA4522 /* VoiceFeedbackMessages.swift in Sources */,
				0BEA5A932C2774BA0091D612 /* VuMeter.swift in Sources */,
				0B4B46F62C3C8FF300EEE2A2 /* TestConfigurationBuilder.swift in Sources */,
				0B24096F2C3E21EA00F1A2E6 /* QuizDataModels.swift in Sources */,
				0B24095B2C3E21EA00F1A2E6 /* BackgroundView.swift in Sources */,
				0B24095D2C3E21EA00F1A2E6 /* Colo+Extensions.swift in Sources */,
				0B2409852C3E21EA00F1A2E6 /* VoqaWave.swift in Sources */,
				0B24095A2C3E21EA00F1A2E6 /* AudioSessionManager.swift in Sources */,
				0B142DE82C36FA9E001F98B0 /* IdleSession.swift in Sources */,
				0BEFE74D2C2CB95200E931F7 /* QuestionPlayer.swift in Sources */,
				0B2408E32C3DEDC400F1A2E6 /* QuizDataModels.swift in Sources */,
				0B8AFB962C2FD4C3005B7D0F /* Array+Extension.swift in Sources */,
				0B24093F2C3E21EA00F1A2E6 /* AcceptButton.swift in Sources */,
				0B2409612C3E21EA00F1A2E6 /* CustomHorizontalScrollView.swift in Sources */,
				0BEFE74B2C2C8F9100E931F7 /* ResponseModalPresenter.swift in Sources */,
				0B2409592C3E21EA00F1A2E6 /* AudioPlyerTestViews.swift in Sources */,
				0B2409482C3E21EA00F1A2E6 /* QuizServices.swift in Sources */,
				0B142DE42C36DF04001F98B0 /* QuizSession.swift in Sources */,
				0B24095F2C3E21EA00F1A2E6 /* ContentView.swift in Sources */,
				0B2409822C3E21EA00F1A2E6 /* VoicedFeedbackType.swift in Sources */,
				0BEA5A7E2C2754200091D612 /* View+Extensions.swift in Sources */,
				0BEA5AA52C2780F60091D612 /* CircularPlayButton.swift in Sources */,
				0B2409882C3E21EA00F1A2E6 /* WaveGeometry.swift in Sources */,
				0B4B46EC2C3C2C1700EEE2A2 /* QuizSessionConfig.swift in Sources */,
				0B24096C2C3E21EA00F1A2E6 /* QuestionPlayer.swift in Sources */,
				0B31C3FE2C2211AD006FB5D1 /* NetworkMonitor.swift in Sources */,
				0BEA5A7A2C2753470091D612 /* Colo+Extensions.swift in Sources */,
				0B2409692C3E21EA00F1A2E6 /* MiniPlayerControls.swift in Sources */,
				0B4B46F22C3C727800EEE2A2 /* NetworkService.swift in Sources */,
				0B24097E2C3E21EA00F1A2E6 /* UiImage+Extensions.swift in Sources */,
				0B24094B2C3E21EA00F1A2E6 /* ReviewsManager.swift in Sources */,
				0B2409812C3E21EA00F1A2E6 /* View+Extensions.swift in Sources */,
				0B31C4032C222B9F006FB5D1 /* AcceptButton.swift in Sources */,
				0B24094C2C3E21EA00F1A2E6 /* SessionAudioPlayer.swift in Sources */,
				0B2409752C3E21EA00F1A2E6 /* SessionInitializer.swift in Sources */,
				0B845E332C3A230500EC1CEE /* PrototypeMainView.swift in Sources */,
				0B2409802C3E21EA00F1A2E6 /* UUID+Extension.swift in Sources */,
				0B31C3FC2C220F06006FB5D1 /* Errors.swift in Sources */,
				0B24094D2C3E21EA00F1A2E6 /* SessionCloser.swift in Sources */,
				0B7548772C34BB8A00756633 /* QuizContextModuleTest.swift in Sources */,
			);
			runOnlyForDeploymentPostprocessing = 0;
		};
		0BC091E92C1D4466005FB223 /* Sources */ = {
			isa = PBXSourcesBuildPhase;
			buildActionMask = 2147483647;
			files = (
			);
			runOnlyForDeploymentPostprocessing = 0;
		};
		0BC091F32C1D4466005FB223 /* Sources */ = {
			isa = PBXSourcesBuildPhase;
			buildActionMask = 2147483647;
			files = (
			);
			runOnlyForDeploymentPostprocessing = 0;
		};
/* End PBXSourcesBuildPhase section */

/* Begin PBXTargetDependency section */
		0BC091EF2C1D4466005FB223 /* PBXTargetDependency */ = {
			isa = PBXTargetDependency;
			target = 0BC091D92C1D4463005FB223 /* VOQA */;
			targetProxy = 0BC091EE2C1D4466005FB223 /* PBXContainerItemProxy */;
		};
		0BC091F92C1D4466005FB223 /* PBXTargetDependency */ = {
			isa = PBXTargetDependency;
			target = 0BC091D92C1D4463005FB223 /* VOQA */;
			targetProxy = 0BC091F82C1D4466005FB223 /* PBXContainerItemProxy */;
		};
/* End PBXTargetDependency section */

/* Begin XCBuildConfiguration section */
		0BC091FF2C1D4466005FB223 /* Debug */ = {
			isa = XCBuildConfiguration;
			buildSettings = {
				ALWAYS_SEARCH_USER_PATHS = NO;
				ASSETCATALOG_COMPILER_GENERATE_SWIFT_ASSET_SYMBOL_EXTENSIONS = YES;
				CLANG_ANALYZER_NONNULL = YES;
				CLANG_ANALYZER_NUMBER_OBJECT_CONVERSION = YES_AGGRESSIVE;
				CLANG_CXX_LANGUAGE_STANDARD = "gnu++20";
				CLANG_ENABLE_MODULES = YES;
				CLANG_ENABLE_OBJC_ARC = YES;
				CLANG_ENABLE_OBJC_WEAK = YES;
				CLANG_WARN_BLOCK_CAPTURE_AUTORELEASING = YES;
				CLANG_WARN_BOOL_CONVERSION = YES;
				CLANG_WARN_COMMA = YES;
				CLANG_WARN_CONSTANT_CONVERSION = YES;
				CLANG_WARN_DEPRECATED_OBJC_IMPLEMENTATIONS = YES;
				CLANG_WARN_DIRECT_OBJC_ISA_USAGE = YES_ERROR;
				CLANG_WARN_DOCUMENTATION_COMMENTS = YES;
				CLANG_WARN_EMPTY_BODY = YES;
				CLANG_WARN_ENUM_CONVERSION = YES;
				CLANG_WARN_INFINITE_RECURSION = YES;
				CLANG_WARN_INT_CONVERSION = YES;
				CLANG_WARN_NON_LITERAL_NULL_CONVERSION = YES;
				CLANG_WARN_OBJC_IMPLICIT_RETAIN_SELF = YES;
				CLANG_WARN_OBJC_LITERAL_CONVERSION = YES;
				CLANG_WARN_OBJC_ROOT_CLASS = YES_ERROR;
				CLANG_WARN_QUOTED_INCLUDE_IN_FRAMEWORK_HEADER = YES;
				CLANG_WARN_RANGE_LOOP_ANALYSIS = YES;
				CLANG_WARN_STRICT_PROTOTYPES = YES;
				CLANG_WARN_SUSPICIOUS_MOVE = YES;
				CLANG_WARN_UNGUARDED_AVAILABILITY = YES_AGGRESSIVE;
				CLANG_WARN_UNREACHABLE_CODE = YES;
				CLANG_WARN__DUPLICATE_METHOD_MATCH = YES;
				COPY_PHASE_STRIP = NO;
				DEBUG_INFORMATION_FORMAT = dwarf;
				ENABLE_STRICT_OBJC_MSGSEND = YES;
				ENABLE_TESTABILITY = YES;
				ENABLE_USER_SCRIPT_SANDBOXING = YES;
				GCC_C_LANGUAGE_STANDARD = gnu17;
				GCC_DYNAMIC_NO_PIC = NO;
				GCC_NO_COMMON_BLOCKS = YES;
				GCC_OPTIMIZATION_LEVEL = 0;
				GCC_PREPROCESSOR_DEFINITIONS = (
					"DEBUG=1",
					"$(inherited)",
				);
				GCC_WARN_64_TO_32_BIT_CONVERSION = YES;
				GCC_WARN_ABOUT_RETURN_TYPE = YES_ERROR;
				GCC_WARN_UNDECLARED_SELECTOR = YES;
				GCC_WARN_UNINITIALIZED_AUTOS = YES_AGGRESSIVE;
				GCC_WARN_UNUSED_FUNCTION = YES;
				GCC_WARN_UNUSED_VARIABLE = YES;
				LOCALIZATION_PREFERS_STRING_CATALOGS = YES;
				MTL_ENABLE_DEBUG_INFO = INCLUDE_SOURCE;
				MTL_FAST_MATH = YES;
				ONLY_ACTIVE_ARCH = YES;
				SWIFT_ACTIVE_COMPILATION_CONDITIONS = "DEBUG $(inherited)";
				SWIFT_OPTIMIZATION_LEVEL = "-Onone";
			};
			name = Debug;
		};
		0BC092002C1D4466005FB223 /* Release */ = {
			isa = XCBuildConfiguration;
			buildSettings = {
				ALWAYS_SEARCH_USER_PATHS = NO;
				ASSETCATALOG_COMPILER_GENERATE_SWIFT_ASSET_SYMBOL_EXTENSIONS = YES;
				CLANG_ANALYZER_NONNULL = YES;
				CLANG_ANALYZER_NUMBER_OBJECT_CONVERSION = YES_AGGRESSIVE;
				CLANG_CXX_LANGUAGE_STANDARD = "gnu++20";
				CLANG_ENABLE_MODULES = YES;
				CLANG_ENABLE_OBJC_ARC = YES;
				CLANG_ENABLE_OBJC_WEAK = YES;
				CLANG_WARN_BLOCK_CAPTURE_AUTORELEASING = YES;
				CLANG_WARN_BOOL_CONVERSION = YES;
				CLANG_WARN_COMMA = YES;
				CLANG_WARN_CONSTANT_CONVERSION = YES;
				CLANG_WARN_DEPRECATED_OBJC_IMPLEMENTATIONS = YES;
				CLANG_WARN_DIRECT_OBJC_ISA_USAGE = YES_ERROR;
				CLANG_WARN_DOCUMENTATION_COMMENTS = YES;
				CLANG_WARN_EMPTY_BODY = YES;
				CLANG_WARN_ENUM_CONVERSION = YES;
				CLANG_WARN_INFINITE_RECURSION = YES;
				CLANG_WARN_INT_CONVERSION = YES;
				CLANG_WARN_NON_LITERAL_NULL_CONVERSION = YES;
				CLANG_WARN_OBJC_IMPLICIT_RETAIN_SELF = YES;
				CLANG_WARN_OBJC_LITERAL_CONVERSION = YES;
				CLANG_WARN_OBJC_ROOT_CLASS = YES_ERROR;
				CLANG_WARN_QUOTED_INCLUDE_IN_FRAMEWORK_HEADER = YES;
				CLANG_WARN_RANGE_LOOP_ANALYSIS = YES;
				CLANG_WARN_STRICT_PROTOTYPES = YES;
				CLANG_WARN_SUSPICIOUS_MOVE = YES;
				CLANG_WARN_UNGUARDED_AVAILABILITY = YES_AGGRESSIVE;
				CLANG_WARN_UNREACHABLE_CODE = YES;
				CLANG_WARN__DUPLICATE_METHOD_MATCH = YES;
				COPY_PHASE_STRIP = NO;
				DEBUG_INFORMATION_FORMAT = "dwarf-with-dsym";
				ENABLE_NS_ASSERTIONS = NO;
				ENABLE_STRICT_OBJC_MSGSEND = YES;
				ENABLE_USER_SCRIPT_SANDBOXING = YES;
				GCC_C_LANGUAGE_STANDARD = gnu17;
				GCC_NO_COMMON_BLOCKS = YES;
				GCC_WARN_64_TO_32_BIT_CONVERSION = YES;
				GCC_WARN_ABOUT_RETURN_TYPE = YES_ERROR;
				GCC_WARN_UNDECLARED_SELECTOR = YES;
				GCC_WARN_UNINITIALIZED_AUTOS = YES_AGGRESSIVE;
				GCC_WARN_UNUSED_FUNCTION = YES;
				GCC_WARN_UNUSED_VARIABLE = YES;
				LOCALIZATION_PREFERS_STRING_CATALOGS = YES;
				MTL_ENABLE_DEBUG_INFO = NO;
				MTL_FAST_MATH = YES;
				SWIFT_COMPILATION_MODE = wholemodule;
			};
			name = Release;
		};
		0BC092022C1D4466005FB223 /* Debug */ = {
			isa = XCBuildConfiguration;
			buildSettings = {
				ASSETCATALOG_COMPILER_APPICON_NAME = AppIcon;
				ASSETCATALOG_COMPILER_GLOBAL_ACCENT_COLOR_NAME = AccentColor;
				CODE_SIGN_ENTITLEMENTS = VOQA/VOQA.entitlements;
				CODE_SIGN_STYLE = Automatic;
				CURRENT_PROJECT_VERSION = 1;
				DEVELOPMENT_ASSET_PATHS = "\"VOQA/Preview Content\"";
				DEVELOPMENT_TEAM = VW5K99T4JJ;
				ENABLE_HARDENED_RUNTIME = YES;
				ENABLE_PREVIEWS = YES;
				GENERATE_INFOPLIST_FILE = YES;
				INFOPLIST_FILE = VOQA/Info.plist;
				INFOPLIST_KEY_CFBundleDisplayName = VOQA;
				INFOPLIST_KEY_LSApplicationCategoryType = "public.app-category.education";
				INFOPLIST_KEY_NSMicrophoneUsageDescription = "VOQA needs permission to access the microphone";
				INFOPLIST_KEY_NSSpeechRecognitionUsageDescription = "VOQA needs permission to use Speech Recognition";
				"INFOPLIST_KEY_UIApplicationSceneManifest_Generation[sdk=iphoneos*]" = YES;
				"INFOPLIST_KEY_UIApplicationSceneManifest_Generation[sdk=iphonesimulator*]" = YES;
				"INFOPLIST_KEY_UIApplicationSupportsIndirectInputEvents[sdk=iphoneos*]" = YES;
				"INFOPLIST_KEY_UIApplicationSupportsIndirectInputEvents[sdk=iphonesimulator*]" = YES;
				"INFOPLIST_KEY_UILaunchScreen_Generation[sdk=iphoneos*]" = YES;
				"INFOPLIST_KEY_UILaunchScreen_Generation[sdk=iphonesimulator*]" = YES;
				"INFOPLIST_KEY_UIStatusBarStyle[sdk=iphoneos*]" = UIStatusBarStyleDefault;
				"INFOPLIST_KEY_UIStatusBarStyle[sdk=iphonesimulator*]" = UIStatusBarStyleDefault;
				INFOPLIST_KEY_UISupportedInterfaceOrientations = UIInterfaceOrientationPortrait;
				IPHONEOS_DEPLOYMENT_TARGET = 17.4;
				LD_RUNPATH_SEARCH_PATHS = "@executable_path/Frameworks";
				"LD_RUNPATH_SEARCH_PATHS[sdk=macosx*]" = "@executable_path/../Frameworks";
				MACOSX_DEPLOYMENT_TARGET = 14.0;
				MARKETING_VERSION = 1.0;
				PRODUCT_BUNDLE_IDENTIFIER = Voqa.io.VOQA;
				PRODUCT_NAME = "$(TARGET_NAME)";
				SDKROOT = auto;
				SUPPORTED_PLATFORMS = "iphoneos iphonesimulator macosx";
				SWIFT_EMIT_LOC_STRINGS = YES;
				SWIFT_VERSION = 5.0;
				TARGETED_DEVICE_FAMILY = "1,2";
			};
			name = Debug;
		};
		0BC092032C1D4466005FB223 /* Release */ = {
			isa = XCBuildConfiguration;
			buildSettings = {
				ASSETCATALOG_COMPILER_APPICON_NAME = AppIcon;
				ASSETCATALOG_COMPILER_GLOBAL_ACCENT_COLOR_NAME = AccentColor;
				CODE_SIGN_ENTITLEMENTS = VOQA/VOQA.entitlements;
				CODE_SIGN_STYLE = Automatic;
				CURRENT_PROJECT_VERSION = 1;
				DEVELOPMENT_ASSET_PATHS = "\"VOQA/Preview Content\"";
				DEVELOPMENT_TEAM = VW5K99T4JJ;
				ENABLE_HARDENED_RUNTIME = YES;
				ENABLE_PREVIEWS = YES;
				GENERATE_INFOPLIST_FILE = YES;
				INFOPLIST_FILE = VOQA/Info.plist;
				INFOPLIST_KEY_CFBundleDisplayName = VOQA;
				INFOPLIST_KEY_LSApplicationCategoryType = "public.app-category.education";
				INFOPLIST_KEY_NSMicrophoneUsageDescription = "VOQA needs permission to access the microphone";
				INFOPLIST_KEY_NSSpeechRecognitionUsageDescription = "VOQA needs permission to use Speech Recognition";
				"INFOPLIST_KEY_UIApplicationSceneManifest_Generation[sdk=iphoneos*]" = YES;
				"INFOPLIST_KEY_UIApplicationSceneManifest_Generation[sdk=iphonesimulator*]" = YES;
				"INFOPLIST_KEY_UIApplicationSupportsIndirectInputEvents[sdk=iphoneos*]" = YES;
				"INFOPLIST_KEY_UIApplicationSupportsIndirectInputEvents[sdk=iphonesimulator*]" = YES;
				"INFOPLIST_KEY_UILaunchScreen_Generation[sdk=iphoneos*]" = YES;
				"INFOPLIST_KEY_UILaunchScreen_Generation[sdk=iphonesimulator*]" = YES;
				"INFOPLIST_KEY_UIStatusBarStyle[sdk=iphoneos*]" = UIStatusBarStyleDefault;
				"INFOPLIST_KEY_UIStatusBarStyle[sdk=iphonesimulator*]" = UIStatusBarStyleDefault;
				INFOPLIST_KEY_UISupportedInterfaceOrientations = UIInterfaceOrientationPortrait;
				IPHONEOS_DEPLOYMENT_TARGET = 17.4;
				LD_RUNPATH_SEARCH_PATHS = "@executable_path/Frameworks";
				"LD_RUNPATH_SEARCH_PATHS[sdk=macosx*]" = "@executable_path/../Frameworks";
				MACOSX_DEPLOYMENT_TARGET = 14.0;
				MARKETING_VERSION = 1.0;
				PRODUCT_BUNDLE_IDENTIFIER = Voqa.io.VOQA;
				PRODUCT_NAME = "$(TARGET_NAME)";
				SDKROOT = auto;
				SUPPORTED_PLATFORMS = "iphoneos iphonesimulator macosx";
				SWIFT_EMIT_LOC_STRINGS = YES;
				SWIFT_VERSION = 5.0;
				TARGETED_DEVICE_FAMILY = "1,2";
			};
			name = Release;
		};
		0BC092052C1D4466005FB223 /* Debug */ = {
			isa = XCBuildConfiguration;
			buildSettings = {
				ALWAYS_EMBED_SWIFT_STANDARD_LIBRARIES = YES;
				BUNDLE_LOADER = "$(TEST_HOST)";
				CODE_SIGN_STYLE = Automatic;
				CURRENT_PROJECT_VERSION = 1;
				DEVELOPMENT_TEAM = VW5K99T4JJ;
				GENERATE_INFOPLIST_FILE = YES;
				IPHONEOS_DEPLOYMENT_TARGET = 17.4;
				MACOSX_DEPLOYMENT_TARGET = 14.4;
				MARKETING_VERSION = 1.0;
				PRODUCT_BUNDLE_IDENTIFIER = Voqa.io.VOQATests;
				PRODUCT_NAME = "$(TARGET_NAME)";
				SDKROOT = auto;
				SUPPORTED_PLATFORMS = "iphoneos iphonesimulator macosx";
				SWIFT_EMIT_LOC_STRINGS = NO;
				SWIFT_VERSION = 5.0;
				TARGETED_DEVICE_FAMILY = "1,2";
				TEST_HOST = "$(BUILT_PRODUCTS_DIR)/VOQA.app/$(BUNDLE_EXECUTABLE_FOLDER_PATH)/VOQA";
			};
			name = Debug;
		};
		0BC092062C1D4466005FB223 /* Release */ = {
			isa = XCBuildConfiguration;
			buildSettings = {
				ALWAYS_EMBED_SWIFT_STANDARD_LIBRARIES = YES;
				BUNDLE_LOADER = "$(TEST_HOST)";
				CODE_SIGN_STYLE = Automatic;
				CURRENT_PROJECT_VERSION = 1;
				DEVELOPMENT_TEAM = VW5K99T4JJ;
				GENERATE_INFOPLIST_FILE = YES;
				IPHONEOS_DEPLOYMENT_TARGET = 17.4;
				MACOSX_DEPLOYMENT_TARGET = 14.4;
				MARKETING_VERSION = 1.0;
				PRODUCT_BUNDLE_IDENTIFIER = Voqa.io.VOQATests;
				PRODUCT_NAME = "$(TARGET_NAME)";
				SDKROOT = auto;
				SUPPORTED_PLATFORMS = "iphoneos iphonesimulator macosx";
				SWIFT_EMIT_LOC_STRINGS = NO;
				SWIFT_VERSION = 5.0;
				TARGETED_DEVICE_FAMILY = "1,2";
				TEST_HOST = "$(BUILT_PRODUCTS_DIR)/VOQA.app/$(BUNDLE_EXECUTABLE_FOLDER_PATH)/VOQA";
			};
			name = Release;
		};
		0BC092082C1D4466005FB223 /* Debug */ = {
			isa = XCBuildConfiguration;
			buildSettings = {
				ALWAYS_EMBED_SWIFT_STANDARD_LIBRARIES = YES;
				CODE_SIGN_STYLE = Automatic;
				CURRENT_PROJECT_VERSION = 1;
				DEVELOPMENT_TEAM = VW5K99T4JJ;
				GENERATE_INFOPLIST_FILE = YES;
				IPHONEOS_DEPLOYMENT_TARGET = 17.4;
				MACOSX_DEPLOYMENT_TARGET = 14.4;
				MARKETING_VERSION = 1.0;
				PRODUCT_BUNDLE_IDENTIFIER = Voqa.io.VOQAUITests;
				PRODUCT_NAME = "$(TARGET_NAME)";
				SDKROOT = auto;
				SUPPORTED_PLATFORMS = "iphoneos iphonesimulator macosx";
				SWIFT_EMIT_LOC_STRINGS = NO;
				SWIFT_VERSION = 5.0;
				TARGETED_DEVICE_FAMILY = "1,2";
				TEST_TARGET_NAME = VOQA;
			};
			name = Debug;
		};
		0BC092092C1D4466005FB223 /* Release */ = {
			isa = XCBuildConfiguration;
			buildSettings = {
				ALWAYS_EMBED_SWIFT_STANDARD_LIBRARIES = YES;
				CODE_SIGN_STYLE = Automatic;
				CURRENT_PROJECT_VERSION = 1;
				DEVELOPMENT_TEAM = VW5K99T4JJ;
				GENERATE_INFOPLIST_FILE = YES;
				IPHONEOS_DEPLOYMENT_TARGET = 17.4;
				MACOSX_DEPLOYMENT_TARGET = 14.4;
				MARKETING_VERSION = 1.0;
				PRODUCT_BUNDLE_IDENTIFIER = Voqa.io.VOQAUITests;
				PRODUCT_NAME = "$(TARGET_NAME)";
				SDKROOT = auto;
				SUPPORTED_PLATFORMS = "iphoneos iphonesimulator macosx";
				SWIFT_EMIT_LOC_STRINGS = NO;
				SWIFT_VERSION = 5.0;
				TARGETED_DEVICE_FAMILY = "1,2";
				TEST_TARGET_NAME = VOQA;
			};
			name = Release;
		};
/* End XCBuildConfiguration section */

/* Begin XCConfigurationList section */
		0BC091D52C1D4463005FB223 /* Build configuration list for PBXProject "VOQA" */ = {
			isa = XCConfigurationList;
			buildConfigurations = (
				0BC091FF2C1D4466005FB223 /* Debug */,
				0BC092002C1D4466005FB223 /* Release */,
			);
			defaultConfigurationIsVisible = 0;
			defaultConfigurationName = Release;
		};
		0BC092012C1D4466005FB223 /* Build configuration list for PBXNativeTarget "VOQA" */ = {
			isa = XCConfigurationList;
			buildConfigurations = (
				0BC092022C1D4466005FB223 /* Debug */,
				0BC092032C1D4466005FB223 /* Release */,
			);
			defaultConfigurationIsVisible = 0;
			defaultConfigurationName = Release;
		};
		0BC092042C1D4466005FB223 /* Build configuration list for PBXNativeTarget "VOQATests" */ = {
			isa = XCConfigurationList;
			buildConfigurations = (
				0BC092052C1D4466005FB223 /* Debug */,
				0BC092062C1D4466005FB223 /* Release */,
			);
			defaultConfigurationIsVisible = 0;
			defaultConfigurationName = Release;
		};
		0BC092072C1D4466005FB223 /* Build configuration list for PBXNativeTarget "VOQAUITests" */ = {
			isa = XCConfigurationList;
			buildConfigurations = (
				0BC092082C1D4466005FB223 /* Debug */,
				0BC092092C1D4466005FB223 /* Release */,
			);
			defaultConfigurationIsVisible = 0;
			defaultConfigurationName = Release;
		};
/* End XCConfigurationList section */
	};
	rootObject = 0BC091D22C1D4463005FB223 /* Project object */;
}
